{
  "version": 4,
  "terraform_version": "1.8.2",
  "serial": 280,
  "lineage": "1f365448-76dd-8748-4766-3bae3fac918f",
  "outputs": {},
  "resources": [
    {
      "mode": "managed",
      "type": "azurerm_availability_set",
      "name": "webapp_vm_as",
      "provider": "provider[\"registry.terraform.io/hashicorp/azurerm\"]",
      "instances": [
        {
          "schema_version": 0,
          "attributes": {
            "id": "/subscriptions/b5effc5b-e366-4a91-8d78-89298bb79c8e/resourceGroups/webapp-rg/providers/Microsoft.Compute/availabilitySets/webapp_vm_as",
            "location": "eastus",
            "managed": true,
            "name": "webapp_vm_as",
            "platform_fault_domain_count": 3,
            "platform_update_domain_count": 5,
            "proximity_placement_group_id": null,
            "resource_group_name": "webapp-rg",
            "tags": null,
            "timeouts": null
          },
          "sensitive_attributes": [],
          "private": "eyJlMmJmYjczMC1lY2FhLTExZTYtOGY4OC0zNDM2M2JjN2M0YzAiOnsiY3JlYXRlIjoxODAwMDAwMDAwMDAwLCJkZWxldGUiOjE4MDAwMDAwMDAwMDAsInJlYWQiOjMwMDAwMDAwMDAwMCwidXBkYXRlIjoxODAwMDAwMDAwMDAwfX0=",
          "dependencies": [
            "azurerm_resource_group.webapp-rg"
          ]
        }
      ]
    },
    {
      "mode": "managed",
      "type": "azurerm_lb",
      "name": "webapp-lb",
      "provider": "provider[\"registry.terraform.io/hashicorp/azurerm\"]",
      "instances": [
        {
          "schema_version": 0,
          "attributes": {
            "edge_zone": "",
            "frontend_ip_configuration": [
              {
                "gateway_load_balancer_frontend_ip_configuration_id": "",
                "id": "/subscriptions/b5effc5b-e366-4a91-8d78-89298bb79c8e/resourceGroups/webapp-rg/providers/Microsoft.Network/loadBalancers/webapp-lb/frontendIPConfigurations/webapp-lb-front-publicIP",
                "inbound_nat_rules": [],
                "load_balancer_rules": [],
                "name": "webapp-lb-front-publicIP",
                "outbound_rules": [],
                "private_ip_address": "",
                "private_ip_address_allocation": "Dynamic",
                "private_ip_address_version": "",
                "public_ip_address_id": "/subscriptions/b5effc5b-e366-4a91-8d78-89298bb79c8e/resourceGroups/webapp-rg/providers/Microsoft.Network/publicIPAddresses/webapp-lb-publicIP-1",
                "public_ip_prefix_id": "",
                "subnet_id": "",
                "zones": null
              }
            ],
            "id": "/subscriptions/b5effc5b-e366-4a91-8d78-89298bb79c8e/resourceGroups/webapp-rg/providers/Microsoft.Network/loadBalancers/webapp-lb",
            "location": "eastus",
            "name": "webapp-lb",
            "private_ip_address": "",
            "private_ip_addresses": [],
            "resource_group_name": "webapp-rg",
            "sku": "Basic",
            "sku_tier": "Regional",
            "tags": null,
            "timeouts": null
          },
          "sensitive_attributes": [],
          "private": "eyJlMmJmYjczMC1lY2FhLTExZTYtOGY4OC0zNDM2M2JjN2M0YzAiOnsiY3JlYXRlIjoxODAwMDAwMDAwMDAwLCJkZWxldGUiOjE4MDAwMDAwMDAwMDAsInJlYWQiOjMwMDAwMDAwMDAwMCwidXBkYXRlIjoxODAwMDAwMDAwMDAwfX0=",
          "dependencies": [
            "azurerm_public_ip.webapp-lb-publicIP",
            "azurerm_resource_group.webapp-rg"
          ]
        }
      ]
    },
    {
      "mode": "managed",
      "type": "azurerm_lb_backend_address_pool",
      "name": "webapp-lb-bap",
      "provider": "provider[\"registry.terraform.io/hashicorp/azurerm\"]",
      "instances": [
        {
          "schema_version": 0,
          "attributes": {
            "backend_ip_configurations": [],
            "id": "/subscriptions/b5effc5b-e366-4a91-8d78-89298bb79c8e/resourceGroups/webapp-rg/providers/Microsoft.Network/loadBalancers/webapp-lb/backendAddressPools/webapp-lb-bap",
            "load_balancing_rules": [],
            "loadbalancer_id": "/subscriptions/b5effc5b-e366-4a91-8d78-89298bb79c8e/resourceGroups/webapp-rg/providers/Microsoft.Network/loadBalancers/webapp-lb",
            "name": "webapp-lb-bap",
            "outbound_rules": [],
            "timeouts": null,
            "tunnel_interface": []
          },
          "sensitive_attributes": [],
          "private": "eyJlMmJmYjczMC1lY2FhLTExZTYtOGY4OC0zNDM2M2JjN2M0YzAiOnsiY3JlYXRlIjoxODAwMDAwMDAwMDAwLCJkZWxldGUiOjE4MDAwMDAwMDAwMDAsInJlYWQiOjMwMDAwMDAwMDAwMCwidXBkYXRlIjoxODAwMDAwMDAwMDAwfX0=",
          "dependencies": [
            "azurerm_availability_set.webapp_vm_as",
            "azurerm_lb.webapp-lb",
            "azurerm_public_ip.webapp-lb-publicIP",
            "azurerm_resource_group.webapp-rg"
          ]
        }
      ]
    },
    {
      "mode": "managed",
      "type": "azurerm_lb_rule",
      "name": "webapp-lb-rule",
      "provider": "provider[\"registry.terraform.io/hashicorp/azurerm\"]",
      "instances": [
        {
          "schema_version": 0,
          "attributes": {
            "backend_address_pool_ids": null,
            "backend_port": 80,
            "disable_outbound_snat": false,
            "enable_floating_ip": false,
            "enable_tcp_reset": false,
            "frontend_ip_configuration_id": "/subscriptions/b5effc5b-e366-4a91-8d78-89298bb79c8e/resourceGroups/webapp-rg/providers/Microsoft.Network/loadBalancers/webapp-lb/frontendIPConfigurations/webapp-lb-front-publicIP",
            "frontend_ip_configuration_name": "webapp-lb-front-publicIP",
            "frontend_port": 80,
            "id": "/subscriptions/b5effc5b-e366-4a91-8d78-89298bb79c8e/resourceGroups/webapp-rg/providers/Microsoft.Network/loadBalancers/webapp-lb/loadBalancingRules/webapp-lb-rule",
            "idle_timeout_in_minutes": 4,
            "load_distribution": "Default",
            "loadbalancer_id": "/subscriptions/b5effc5b-e366-4a91-8d78-89298bb79c8e/resourceGroups/webapp-rg/providers/Microsoft.Network/loadBalancers/webapp-lb",
            "name": "webapp-lb-rule",
            "probe_id": "",
            "protocol": "Tcp",
            "timeouts": null
          },
          "sensitive_attributes": [],
          "private": "eyJlMmJmYjczMC1lY2FhLTExZTYtOGY4OC0zNDM2M2JjN2M0YzAiOnsiY3JlYXRlIjoxODAwMDAwMDAwMDAwLCJkZWxldGUiOjE4MDAwMDAwMDAwMDAsInJlYWQiOjMwMDAwMDAwMDAwMCwidXBkYXRlIjoxODAwMDAwMDAwMDAwfX0=",
          "dependencies": [
            "azurerm_availability_set.webapp_vm_as",
            "azurerm_lb.webapp-lb",
            "azurerm_public_ip.webapp-lb-publicIP",
            "azurerm_resource_group.webapp-rg"
          ]
        }
      ]
    },
    {
      "mode": "managed",
      "type": "azurerm_linux_virtual_machine",
      "name": "webapp-vm1",
      "provider": "provider[\"registry.terraform.io/hashicorp/azurerm\"]",
      "instances": [
        {
          "schema_version": 0,
          "attributes": {
            "additional_capabilities": [],
            "admin_password": "Admintheepu1",
            "admin_ssh_key": [],
            "admin_username": "adminuser",
            "allow_extension_operations": true,
            "availability_set_id": "/subscriptions/b5effc5b-e366-4a91-8d78-89298bb79c8e/resourceGroups/webapp-rg/providers/Microsoft.Compute/availabilitySets/WEBAPP_VM_AS",
            "boot_diagnostics": [],
            "computer_name": "webapp-vm1",
            "custom_data": null,
            "dedicated_host_group_id": "",
            "dedicated_host_id": "",
            "disable_password_authentication": false,
            "edge_zone": "",
            "encryption_at_host_enabled": false,
            "eviction_policy": "",
            "extensions_time_budget": "PT1H30M",
            "id": "/subscriptions/b5effc5b-e366-4a91-8d78-89298bb79c8e/resourceGroups/webapp-rg/providers/Microsoft.Compute/virtualMachines/webapp-vm1",
            "identity": [],
            "license_type": "",
            "location": "eastus",
            "max_bid_price": -1,
            "name": "webapp-vm1",
            "network_interface_ids": [
              "/subscriptions/b5effc5b-e366-4a91-8d78-89298bb79c8e/resourceGroups/webapp-rg/providers/Microsoft.Network/networkInterfaces/webapp-nic-1"
            ],
            "os_disk": [
              {
                "caching": "ReadWrite",
                "diff_disk_settings": [],
                "disk_encryption_set_id": "",
                "disk_size_gb": 30,
                "name": "webapp-vm1_OsDisk_1_ea091599701a4f268b38853ed807da8a",
                "storage_account_type": "Standard_LRS",
                "write_accelerator_enabled": false
              }
            ],
            "patch_mode": "ImageDefault",
            "plan": [],
            "platform_fault_domain": -1,
            "priority": "Regular",
            "private_ip_address": "10.123.0.5",
            "private_ip_addresses": [
              "10.123.0.5"
            ],
            "provision_vm_agent": true,
            "proximity_placement_group_id": "",
            "public_ip_address": "",
            "public_ip_addresses": [],
            "resource_group_name": "webapp-rg",
            "secret": [],
            "secure_boot_enabled": false,
            "size": "Standard_F2",
            "source_image_id": "",
            "source_image_reference": [
              {
                "offer": "0001-com-ubuntu-server-jammy",
                "publisher": "Canonical",
                "sku": "22_04-lts",
                "version": "latest"
              }
            ],
            "tags": null,
            "termination_notification": null,
            "timeouts": null,
            "user_data": "IyEvYmluL2Jhc2gKZWNobyAiSGVsbG8sIFdvcmxkIDEiID4gaW5kZXguaHRtbApweXRob24zIC1tIGh0dHAuc2VydmVyIDgwODAgJg==",
            "virtual_machine_id": "190c9887-79ca-45ea-b16c-647dea20d62b",
            "virtual_machine_scale_set_id": "",
            "vtpm_enabled": false,
            "zone": ""
          },
          "sensitive_attributes": [
            [
              {
                "type": "get_attr",
                "value": "admin_password"
              }
            ],
            [
              {
                "type": "get_attr",
                "value": "custom_data"
              }
            ]
          ],
          "private": "eyJlMmJmYjczMC1lY2FhLTExZTYtOGY4OC0zNDM2M2JjN2M0YzAiOnsiY3JlYXRlIjoyNzAwMDAwMDAwMDAwLCJkZWxldGUiOjI3MDAwMDAwMDAwMDAsInJlYWQiOjMwMDAwMDAwMDAwMCwidXBkYXRlIjoyNzAwMDAwMDAwMDAwfX0=",
          "dependencies": [
            "azurerm_availability_set.webapp_vm_as",
            "azurerm_network_interface.webapp-nic-1",
            "azurerm_resource_group.webapp-rg",
            "azurerm_subnet.webapp-sb",
            "azurerm_virtual_network.webapp-vn"
          ]
        }
      ]
    },
    {
      "mode": "managed",
      "type": "azurerm_linux_virtual_machine",
      "name": "webapp-vm2",
      "provider": "provider[\"registry.terraform.io/hashicorp/azurerm\"]",
      "instances": [
        {
          "schema_version": 0,
          "attributes": {
            "additional_capabilities": [],
            "admin_password": "Admintheepu1",
            "admin_ssh_key": [],
            "admin_username": "adminuser",
            "allow_extension_operations": true,
            "availability_set_id": "/subscriptions/b5effc5b-e366-4a91-8d78-89298bb79c8e/resourceGroups/webapp-rg/providers/Microsoft.Compute/availabilitySets/WEBAPP_VM_AS",
            "boot_diagnostics": [],
            "computer_name": "webapp-vm2",
            "custom_data": null,
            "dedicated_host_group_id": "",
            "dedicated_host_id": "",
            "disable_password_authentication": false,
            "edge_zone": "",
            "encryption_at_host_enabled": false,
            "eviction_policy": "",
            "extensions_time_budget": "PT1H30M",
            "id": "/subscriptions/b5effc5b-e366-4a91-8d78-89298bb79c8e/resourceGroups/webapp-rg/providers/Microsoft.Compute/virtualMachines/webapp-vm2",
            "identity": [],
            "license_type": "",
            "location": "eastus",
            "max_bid_price": -1,
            "name": "webapp-vm2",
            "network_interface_ids": [
              "/subscriptions/b5effc5b-e366-4a91-8d78-89298bb79c8e/resourceGroups/webapp-rg/providers/Microsoft.Network/networkInterfaces/webapp-nic-2"
            ],
            "os_disk": [
              {
                "caching": "ReadWrite",
                "diff_disk_settings": [],
                "disk_encryption_set_id": "",
                "disk_size_gb": 30,
                "name": "webapp-vm2_OsDisk_1_1ab1662d3e44489aa6937162fa0bd41a",
                "storage_account_type": "Standard_LRS",
                "write_accelerator_enabled": false
              }
            ],
            "patch_mode": "ImageDefault",
            "plan": [],
            "platform_fault_domain": -1,
            "priority": "Regular",
            "private_ip_address": "10.123.0.4",
            "private_ip_addresses": [
              "10.123.0.4"
            ],
            "provision_vm_agent": true,
            "proximity_placement_group_id": "",
            "public_ip_address": "",
            "public_ip_addresses": [],
            "resource_group_name": "webapp-rg",
            "secret": [],
            "secure_boot_enabled": false,
            "size": "Standard_F2",
            "source_image_id": "",
            "source_image_reference": [
              {
                "offer": "0001-com-ubuntu-server-jammy",
                "publisher": "Canonical",
                "sku": "22_04-lts",
                "version": "latest"
              }
            ],
            "tags": null,
            "termination_notification": null,
            "timeouts": null,
            "user_data": "IyEvYmluL2Jhc2gKZWNobyAiSGVsbG8sIFdvcmxkIDIiID4gaW5kZXguaHRtbApweXRob24zIC1tIGh0dHAuc2VydmVyIDgwODAgJg==",
            "virtual_machine_id": "3ea65a5d-43b0-4a6f-8611-cbe7fb8d0208",
            "virtual_machine_scale_set_id": "",
            "vtpm_enabled": false,
            "zone": ""
          },
          "sensitive_attributes": [
            [
              {
                "type": "get_attr",
                "value": "admin_password"
              }
            ],
            [
              {
                "type": "get_attr",
                "value": "custom_data"
              }
            ]
          ],
          "private": "eyJlMmJmYjczMC1lY2FhLTExZTYtOGY4OC0zNDM2M2JjN2M0YzAiOnsiY3JlYXRlIjoyNzAwMDAwMDAwMDAwLCJkZWxldGUiOjI3MDAwMDAwMDAwMDAsInJlYWQiOjMwMDAwMDAwMDAwMCwidXBkYXRlIjoyNzAwMDAwMDAwMDAwfX0=",
          "dependencies": [
            "azurerm_availability_set.webapp_vm_as",
            "azurerm_network_interface.webapp-nic-2",
            "azurerm_resource_group.webapp-rg",
            "azurerm_subnet.webapp-sb",
            "azurerm_virtual_network.webapp-vn"
          ]
        }
      ]
    },
    {
      "mode": "managed",
      "type": "azurerm_network_interface",
      "name": "webapp-nic-1",
      "provider": "provider[\"registry.terraform.io/hashicorp/azurerm\"]",
      "instances": [
        {
          "schema_version": 0,
          "attributes": {
            "applied_dns_servers": [],
            "dns_servers": [],
            "edge_zone": "",
            "enable_accelerated_networking": false,
            "enable_ip_forwarding": false,
            "id": "/subscriptions/b5effc5b-e366-4a91-8d78-89298bb79c8e/resourceGroups/webapp-rg/providers/Microsoft.Network/networkInterfaces/webapp-nic-1",
            "internal_dns_name_label": "",
            "internal_domain_name_suffix": "nwu5ebfdei0ebarsoaj3taeknb.bx.internal.cloudapp.net",
            "ip_configuration": [
              {
                "gateway_load_balancer_frontend_ip_configuration_id": "",
                "name": "Internal-1",
                "primary": true,
                "private_ip_address": "10.123.0.5",
                "private_ip_address_allocation": "Dynamic",
                "private_ip_address_version": "IPv4",
                "public_ip_address_id": "",
                "subnet_id": "/subscriptions/b5effc5b-e366-4a91-8d78-89298bb79c8e/resourceGroups/webapp-rg/providers/Microsoft.Network/virtualNetworks/webapp-vn/subnets/webapp-sb"
              }
            ],
            "location": "eastus",
            "mac_address": "",
            "name": "webapp-nic-1",
            "private_ip_address": "10.123.0.5",
            "private_ip_addresses": [
              "10.123.0.5"
            ],
            "resource_group_name": "webapp-rg",
            "tags": null,
            "timeouts": null,
            "virtual_machine_id": ""
          },
          "sensitive_attributes": [],
          "private": "eyJlMmJmYjczMC1lY2FhLTExZTYtOGY4OC0zNDM2M2JjN2M0YzAiOnsiY3JlYXRlIjoxODAwMDAwMDAwMDAwLCJkZWxldGUiOjE4MDAwMDAwMDAwMDAsInJlYWQiOjMwMDAwMDAwMDAwMCwidXBkYXRlIjoxODAwMDAwMDAwMDAwfX0=",
          "dependencies": [
            "azurerm_resource_group.webapp-rg",
            "azurerm_subnet.webapp-sb",
            "azurerm_virtual_network.webapp-vn"
          ]
        }
      ]
    },
    {
      "mode": "managed",
      "type": "azurerm_network_interface",
      "name": "webapp-nic-2",
      "provider": "provider[\"registry.terraform.io/hashicorp/azurerm\"]",
      "instances": [
        {
          "schema_version": 0,
          "attributes": {
            "applied_dns_servers": [],
            "dns_servers": [],
            "edge_zone": "",
            "enable_accelerated_networking": false,
            "enable_ip_forwarding": false,
            "id": "/subscriptions/b5effc5b-e366-4a91-8d78-89298bb79c8e/resourceGroups/webapp-rg/providers/Microsoft.Network/networkInterfaces/webapp-nic-2",
            "internal_dns_name_label": "",
            "internal_domain_name_suffix": "nwu5ebfdei0ebarsoaj3taeknb.bx.internal.cloudapp.net",
            "ip_configuration": [
              {
                "gateway_load_balancer_frontend_ip_configuration_id": "",
                "name": "Internal-2",
                "primary": true,
                "private_ip_address": "10.123.0.4",
                "private_ip_address_allocation": "Dynamic",
                "private_ip_address_version": "IPv4",
                "public_ip_address_id": "",
                "subnet_id": "/subscriptions/b5effc5b-e366-4a91-8d78-89298bb79c8e/resourceGroups/webapp-rg/providers/Microsoft.Network/virtualNetworks/webapp-vn/subnets/webapp-sb"
              }
            ],
            "location": "eastus",
            "mac_address": "",
            "name": "webapp-nic-2",
            "private_ip_address": "10.123.0.4",
            "private_ip_addresses": [
              "10.123.0.4"
            ],
            "resource_group_name": "webapp-rg",
            "tags": null,
            "timeouts": null,
            "virtual_machine_id": ""
          },
          "sensitive_attributes": [],
          "private": "eyJlMmJmYjczMC1lY2FhLTExZTYtOGY4OC0zNDM2M2JjN2M0YzAiOnsiY3JlYXRlIjoxODAwMDAwMDAwMDAwLCJkZWxldGUiOjE4MDAwMDAwMDAwMDAsInJlYWQiOjMwMDAwMDAwMDAwMCwidXBkYXRlIjoxODAwMDAwMDAwMDAwfX0=",
          "dependencies": [
            "azurerm_resource_group.webapp-rg",
            "azurerm_subnet.webapp-sb",
            "azurerm_virtual_network.webapp-vn"
          ]
        }
      ]
    },
    {
      "mode": "managed",
      "type": "azurerm_network_interface_backend_address_pool_association",
      "name": "backendpool_association_1",
      "provider": "provider[\"registry.terraform.io/hashicorp/azurerm\"]",
      "instances": [
        {
          "schema_version": 0,
          "attributes": {
            "backend_address_pool_id": "/subscriptions/b5effc5b-e366-4a91-8d78-89298bb79c8e/resourceGroups/webapp-rg/providers/Microsoft.Network/loadBalancers/webapp-lb/backendAddressPools/webapp-lb-bap",
            "id": "/subscriptions/b5effc5b-e366-4a91-8d78-89298bb79c8e/resourceGroups/webapp-rg/providers/Microsoft.Network/networkInterfaces/webapp-nic-1/ipConfigurations/Internal-1|/subscriptions/b5effc5b-e366-4a91-8d78-89298bb79c8e/resourceGroups/webapp-rg/providers/Microsoft.Network/loadBalancers/webapp-lb/backendAddressPools/webapp-lb-bap",
            "ip_configuration_name": "Internal-1",
            "network_interface_id": "/subscriptions/b5effc5b-e366-4a91-8d78-89298bb79c8e/resourceGroups/webapp-rg/providers/Microsoft.Network/networkInterfaces/webapp-nic-1",
            "timeouts": null
          },
          "sensitive_attributes": [],
          "private": "eyJlMmJmYjczMC1lY2FhLTExZTYtOGY4OC0zNDM2M2JjN2M0YzAiOnsiY3JlYXRlIjoxODAwMDAwMDAwMDAwLCJkZWxldGUiOjE4MDAwMDAwMDAwMDAsInJlYWQiOjMwMDAwMDAwMDAwMCwidXBkYXRlIjoxODAwMDAwMDAwMDAwfX0=",
          "dependencies": [
            "azurerm_availability_set.webapp_vm_as",
            "azurerm_lb.webapp-lb",
            "azurerm_lb_backend_address_pool.webapp-lb-bap",
            "azurerm_network_interface.webapp-nic-1",
            "azurerm_public_ip.webapp-lb-publicIP",
            "azurerm_resource_group.webapp-rg",
            "azurerm_subnet.webapp-sb",
            "azurerm_virtual_network.webapp-vn"
          ]
        }
      ]
    },
    {
      "mode": "managed",
      "type": "azurerm_network_interface_backend_address_pool_association",
      "name": "backendpool_association_2",
      "provider": "provider[\"registry.terraform.io/hashicorp/azurerm\"]",
      "instances": [
        {
          "schema_version": 0,
          "attributes": {
            "backend_address_pool_id": "/subscriptions/b5effc5b-e366-4a91-8d78-89298bb79c8e/resourceGroups/webapp-rg/providers/Microsoft.Network/loadBalancers/webapp-lb/backendAddressPools/webapp-lb-bap",
            "id": "/subscriptions/b5effc5b-e366-4a91-8d78-89298bb79c8e/resourceGroups/webapp-rg/providers/Microsoft.Network/networkInterfaces/webapp-nic-2/ipConfigurations/Internal-2|/subscriptions/b5effc5b-e366-4a91-8d78-89298bb79c8e/resourceGroups/webapp-rg/providers/Microsoft.Network/loadBalancers/webapp-lb/backendAddressPools/webapp-lb-bap",
            "ip_configuration_name": "Internal-2",
            "network_interface_id": "/subscriptions/b5effc5b-e366-4a91-8d78-89298bb79c8e/resourceGroups/webapp-rg/providers/Microsoft.Network/networkInterfaces/webapp-nic-2",
            "timeouts": null
          },
          "sensitive_attributes": [],
          "private": "eyJlMmJmYjczMC1lY2FhLTExZTYtOGY4OC0zNDM2M2JjN2M0YzAiOnsiY3JlYXRlIjoxODAwMDAwMDAwMDAwLCJkZWxldGUiOjE4MDAwMDAwMDAwMDAsInJlYWQiOjMwMDAwMDAwMDAwMCwidXBkYXRlIjoxODAwMDAwMDAwMDAwfX0=",
          "dependencies": [
            "azurerm_availability_set.webapp_vm_as",
            "azurerm_lb.webapp-lb",
            "azurerm_lb_backend_address_pool.webapp-lb-bap",
            "azurerm_network_interface.webapp-nic-2",
            "azurerm_public_ip.webapp-lb-publicIP",
            "azurerm_resource_group.webapp-rg",
            "azurerm_subnet.webapp-sb",
            "azurerm_virtual_network.webapp-vn"
          ]
        }
      ]
    },
    {
      "mode": "managed",
      "type": "azurerm_network_security_group",
      "name": "webapp-nsg",
      "provider": "provider[\"registry.terraform.io/hashicorp/azurerm\"]",
      "instances": [
        {
          "schema_version": 0,
          "attributes": {
            "id": "/subscriptions/b5effc5b-e366-4a91-8d78-89298bb79c8e/resourceGroups/webapp-rg/providers/Microsoft.Network/networkSecurityGroups/webapp-nsg",
            "location": "eastus",
            "name": "webapp-nsg",
            "resource_group_name": "webapp-rg",
            "security_rule": [],
            "tags": null,
            "timeouts": null
          },
          "sensitive_attributes": [],
          "private": "eyJlMmJmYjczMC1lY2FhLTExZTYtOGY4OC0zNDM2M2JjN2M0YzAiOnsiY3JlYXRlIjoxODAwMDAwMDAwMDAwLCJkZWxldGUiOjE4MDAwMDAwMDAwMDAsInJlYWQiOjMwMDAwMDAwMDAwMCwidXBkYXRlIjoxODAwMDAwMDAwMDAwfX0=",
          "dependencies": [
            "azurerm_resource_group.webapp-rg"
          ]
        }
      ]
    },
    {
      "mode": "managed",
      "type": "azurerm_network_security_rule",
      "name": "webapp-nsr",
      "provider": "provider[\"registry.terraform.io/hashicorp/azurerm\"]",
      "instances": [
        {
          "schema_version": 0,
          "attributes": {
            "access": "Allow",
            "description": "",
            "destination_address_prefix": "*",
            "destination_address_prefixes": null,
            "destination_application_security_group_ids": null,
            "destination_port_range": "8080",
            "destination_port_ranges": null,
            "direction": "Inbound",
            "id": "/subscriptions/b5effc5b-e366-4a91-8d78-89298bb79c8e/resourceGroups/webapp-rg/providers/Microsoft.Network/networkSecurityGroups/webapp-nsg/securityRules/webapp-nsr",
            "name": "webapp-nsr",
            "network_security_group_name": "webapp-nsg",
            "priority": 100,
            "protocol": "Tcp",
            "resource_group_name": "webapp-rg",
            "source_address_prefix": "*",
            "source_address_prefixes": null,
            "source_application_security_group_ids": null,
            "source_port_range": "80",
            "source_port_ranges": null,
            "timeouts": null
          },
          "sensitive_attributes": [],
          "private": "eyJlMmJmYjczMC1lY2FhLTExZTYtOGY4OC0zNDM2M2JjN2M0YzAiOnsiY3JlYXRlIjoxODAwMDAwMDAwMDAwLCJkZWxldGUiOjE4MDAwMDAwMDAwMDAsInJlYWQiOjMwMDAwMDAwMDAwMCwidXBkYXRlIjoxODAwMDAwMDAwMDAwfX0=",
          "dependencies": [
            "azurerm_network_security_group.webapp-nsg",
            "azurerm_resource_group.webapp-rg"
          ]
        }
      ]
    },
    {
      "mode": "managed",
      "type": "azurerm_public_ip",
      "name": "webapp-lb-publicIP",
      "provider": "provider[\"registry.terraform.io/hashicorp/azurerm\"]",
      "instances": [
        {
          "schema_version": 0,
          "attributes": {
            "allocation_method": "Dynamic",
            "domain_name_label": null,
            "edge_zone": "",
            "fqdn": null,
            "id": "/subscriptions/b5effc5b-e366-4a91-8d78-89298bb79c8e/resourceGroups/webapp-rg/providers/Microsoft.Network/publicIPAddresses/webapp-lb-publicIP-1",
            "idle_timeout_in_minutes": 4,
            "ip_address": "",
            "ip_tags": null,
            "ip_version": "IPv4",
            "location": "eastus",
            "name": "webapp-lb-publicIP-1",
            "public_ip_prefix_id": null,
            "resource_group_name": "webapp-rg",
            "reverse_fqdn": null,
            "sku": "Basic",
            "sku_tier": "Regional",
            "tags": null,
            "timeouts": null,
            "zones": null
          },
          "sensitive_attributes": [],
          "private": "eyJlMmJmYjczMC1lY2FhLTExZTYtOGY4OC0zNDM2M2JjN2M0YzAiOnsiY3JlYXRlIjoxODAwMDAwMDAwMDAwLCJkZWxldGUiOjE4MDAwMDAwMDAwMDAsInJlYWQiOjMwMDAwMDAwMDAwMCwidXBkYXRlIjoxODAwMDAwMDAwMDAwfX0=",
          "dependencies": [
            "azurerm_resource_group.webapp-rg"
          ]
        }
      ]
    },
    {
      "mode": "managed",
      "type": "azurerm_resource_group",
      "name": "webapp-rg",
      "provider": "provider[\"registry.terraform.io/hashicorp/azurerm\"]",
      "instances": [
        {
          "schema_version": 0,
          "attributes": {
            "id": "/subscriptions/b5effc5b-e366-4a91-8d78-89298bb79c8e/resourceGroups/webapp-rg",
            "location": "eastus",
            "name": "webapp-rg",
            "tags": null,
            "timeouts": null
          },
          "sensitive_attributes": [],
          "private": "eyJlMmJmYjczMC1lY2FhLTExZTYtOGY4OC0zNDM2M2JjN2M0YzAiOnsiY3JlYXRlIjo1NDAwMDAwMDAwMDAwLCJkZWxldGUiOjU0MDAwMDAwMDAwMDAsInJlYWQiOjMwMDAwMDAwMDAwMCwidXBkYXRlIjo1NDAwMDAwMDAwMDAwfX0="
        }
      ]
    },
    {
      "mode": "managed",
      "type": "azurerm_subnet",
      "name": "webapp-sb",
      "provider": "provider[\"registry.terraform.io/hashicorp/azurerm\"]",
      "instances": [
        {
          "schema_version": 0,
          "attributes": {
            "address_prefixes": [
              "10.123.0.0/24"
            ],
            "delegation": [],
            "enforce_private_link_endpoint_network_policies": false,
            "enforce_private_link_service_network_policies": false,
            "id": "/subscriptions/b5effc5b-e366-4a91-8d78-89298bb79c8e/resourceGroups/webapp-rg/providers/Microsoft.Network/virtualNetworks/webapp-vn/subnets/webapp-sb",
            "name": "webapp-sb",
            "resource_group_name": "webapp-rg",
            "service_endpoint_policy_ids": null,
            "service_endpoints": null,
            "timeouts": null,
            "virtual_network_name": "webapp-vn"
          },
          "sensitive_attributes": [],
          "private": "eyJlMmJmYjczMC1lY2FhLTExZTYtOGY4OC0zNDM2M2JjN2M0YzAiOnsiY3JlYXRlIjoxODAwMDAwMDAwMDAwLCJkZWxldGUiOjE4MDAwMDAwMDAwMDAsInJlYWQiOjMwMDAwMDAwMDAwMCwidXBkYXRlIjoxODAwMDAwMDAwMDAwfX0=",
          "dependencies": [
            "azurerm_resource_group.webapp-rg",
            "azurerm_virtual_network.webapp-vn"
          ]
        }
      ]
    },
    {
      "mode": "managed",
      "type": "azurerm_subnet_network_security_group_association",
      "name": "webapp-nsga",
      "provider": "provider[\"registry.terraform.io/hashicorp/azurerm\"]",
      "instances": [
        {
          "schema_version": 0,
          "attributes": {
            "id": "/subscriptions/b5effc5b-e366-4a91-8d78-89298bb79c8e/resourceGroups/webapp-rg/providers/Microsoft.Network/virtualNetworks/webapp-vn/subnets/webapp-sb",
            "network_security_group_id": "/subscriptions/b5effc5b-e366-4a91-8d78-89298bb79c8e/resourceGroups/webapp-rg/providers/Microsoft.Network/networkSecurityGroups/webapp-nsg",
            "subnet_id": "/subscriptions/b5effc5b-e366-4a91-8d78-89298bb79c8e/resourceGroups/webapp-rg/providers/Microsoft.Network/virtualNetworks/webapp-vn/subnets/webapp-sb",
            "timeouts": null
          },
          "sensitive_attributes": [],
          "private": "eyJlMmJmYjczMC1lY2FhLTExZTYtOGY4OC0zNDM2M2JjN2M0YzAiOnsiY3JlYXRlIjoxODAwMDAwMDAwMDAwLCJkZWxldGUiOjE4MDAwMDAwMDAwMDAsInJlYWQiOjMwMDAwMDAwMDAwMCwidXBkYXRlIjoxODAwMDAwMDAwMDAwfX0=",
          "dependencies": [
            "azurerm_network_security_group.webapp-nsg",
            "azurerm_resource_group.webapp-rg",
            "azurerm_subnet.webapp-sb",
            "azurerm_virtual_network.webapp-vn"
          ]
        }
      ]
    },
    {
      "mode": "managed",
      "type": "azurerm_virtual_network",
      "name": "webapp-vn",
      "provider": "provider[\"registry.terraform.io/hashicorp/azurerm\"]",
      "instances": [
        {
          "schema_version": 0,
          "attributes": {
            "address_space": [
              "10.123.0.0/16"
            ],
            "bgp_community": "",
            "ddos_protection_plan": [],
            "dns_servers": [],
            "edge_zone": "",
            "flow_timeout_in_minutes": 0,
            "guid": "04f2a96d-22a3-4034-8232-7013d9808a69",
            "id": "/subscriptions/b5effc5b-e366-4a91-8d78-89298bb79c8e/resourceGroups/webapp-rg/providers/Microsoft.Network/virtualNetworks/webapp-vn",
            "location": "eastus",
            "name": "webapp-vn",
            "resource_group_name": "webapp-rg",
            "subnet": [],
            "tags": null,
            "timeouts": null
          },
          "sensitive_attributes": [],
          "private": "eyJlMmJmYjczMC1lY2FhLTExZTYtOGY4OC0zNDM2M2JjN2M0YzAiOnsiY3JlYXRlIjoxODAwMDAwMDAwMDAwLCJkZWxldGUiOjE4MDAwMDAwMDAwMDAsInJlYWQiOjMwMDAwMDAwMDAwMCwidXBkYXRlIjoxODAwMDAwMDAwMDAwfX0=",
          "dependencies": [
            "azurerm_resource_group.webapp-rg"
          ]
        }
      ]
    }
  ],
  "check_results": null
}
