{
  "version": 4,
  "terraform_version": "1.8.2",
  "serial": 722,
  "lineage": "1f9c28e4-389b-1879-26b0-b74401e4ab84",
  "outputs": {},
  "resources": [
    {
      "mode": "data",
      "type": "azurerm_client_config",
      "name": "current",
      "provider": "provider[\"registry.terraform.io/hashicorp/azurerm\"]",
      "instances": [
        {
          "schema_version": 0,
          "attributes": {
            "client_id": "04b07795-8ddb-461a-bbee-02f9e1bf7b46",
            "id": "Y2xpZW50Q29uZmlncy9jbGllbnRJZD0wNGIwNzc5NS04ZGRiLTQ2MWEtYmJlZS0wMmY5ZTFiZjdiNDY7b2JqZWN0SWQ9OGQ0Y2MwZWYtODBjNS00YzkwLTgwNTgtMjhlZDFhMjM2NTQ5O3N1YnNjcmlwdGlvbklkPWI1ZWZmYzViLWUzNjYtNGE5MS04ZDc4LTg5Mjk4YmI3OWM4ZTt0ZW5hbnRJZD1iNjQxN2NkMC0xZjczLTQ0NzEtOWEzOS0yMDk1MzgyMmEzNGE=",
            "object_id": "8d4cc0ef-80c5-4c90-8058-28ed1a236549",
            "subscription_id": "b5effc5b-e366-4a91-8d78-89298bb79c8e",
            "tenant_id": "b6417cd0-1f73-4471-9a39-20953822a34a",
            "timeouts": null
          },
          "sensitive_attributes": []
        }
      ]
    },
    {
      "mode": "managed",
      "type": "azurerm_key_vault",
      "name": "kv1",
      "provider": "provider[\"registry.terraform.io/hashicorp/azurerm\"]",
      "instances": [
        {
          "schema_version": 2,
          "attributes": {
            "access_policy": [
              {
                "application_id": "",
                "certificate_permissions": null,
                "key_permissions": [
                  "Get"
                ],
                "object_id": "8d4cc0ef-80c5-4c90-8058-28ed1a236549",
                "secret_permissions": [
                  "Get",
                  "Backup",
                  "Delete",
                  "List",
                  "Purge",
                  "Recover",
                  "Restore",
                  "Set"
                ],
                "storage_permissions": [
                  "Get"
                ],
                "tenant_id": "b6417cd0-1f73-4471-9a39-20953822a34a"
              }
            ],
            "contact": [],
            "enable_rbac_authorization": false,
            "enabled_for_deployment": false,
            "enabled_for_disk_encryption": true,
            "enabled_for_template_deployment": false,
            "id": "/subscriptions/b5effc5b-e366-4a91-8d78-89298bb79c8e/resourceGroups/rg-centralus-sec/providers/Microsoft.KeyVault/vaults/kv6eb7feb98ce2",
            "location": "centralus",
            "name": "kv6eb7feb98ce2",
            "network_acls": [
              {
                "bypass": "AzureServices",
                "default_action": "Allow",
                "ip_rules": [],
                "virtual_network_subnet_ids": []
              }
            ],
            "public_network_access_enabled": true,
            "purge_protection_enabled": false,
            "resource_group_name": "rg-centralus-sec",
            "sku_name": "standard",
            "soft_delete_retention_days": 7,
            "tags": null,
            "tenant_id": "b6417cd0-1f73-4471-9a39-20953822a34a",
            "timeouts": null,
            "vault_uri": "https://kv6eb7feb98ce2.vault.azure.net/"
          },
          "sensitive_attributes": [],
          "private": "eyJlMmJmYjczMC1lY2FhLTExZTYtOGY4OC0zNDM2M2JjN2M0YzAiOnsiY3JlYXRlIjoxODAwMDAwMDAwMDAwLCJkZWxldGUiOjE4MDAwMDAwMDAwMDAsInJlYWQiOjMwMDAwMDAwMDAwMCwidXBkYXRlIjoxODAwMDAwMDAwMDAwfSwic2NoZW1hX3ZlcnNpb24iOiIyIn0=",
          "dependencies": [
            "azurerm_resource_group.rg-sec",
            "data.azurerm_client_config.current",
            "random_id.kv_name"
          ]
        }
      ]
    },
    {
      "mode": "managed",
      "type": "azurerm_key_vault_secret",
      "name": "vmpassword",
      "provider": "provider[\"registry.terraform.io/hashicorp/azurerm\"]",
      "instances": [
        {
          "schema_version": 0,
          "attributes": {
            "content_type": "",
            "expiration_date": null,
            "id": "https://kv6eb7feb98ce2.vault.azure.net/secrets/vmpassword/8be2fb9cdd924ef8b1a7dc3b9638e96b",
            "key_vault_id": "/subscriptions/b5effc5b-e366-4a91-8d78-89298bb79c8e/resourceGroups/rg-centralus-sec/providers/Microsoft.KeyVault/vaults/kv6eb7feb98ce2",
            "name": "vmpassword",
            "not_before_date": null,
            "resource_id": "/subscriptions/b5effc5b-e366-4a91-8d78-89298bb79c8e/resourceGroups/rg-centralus-sec/providers/Microsoft.KeyVault/vaults/kv6eb7feb98ce2/secrets/vmpassword/versions/8be2fb9cdd924ef8b1a7dc3b9638e96b",
            "resource_versionless_id": "/subscriptions/b5effc5b-e366-4a91-8d78-89298bb79c8e/resourceGroups/rg-centralus-sec/providers/Microsoft.KeyVault/vaults/kv6eb7feb98ce2/secrets/vmpassword",
            "tags": null,
            "timeouts": null,
            "value": "jjxP%}fXSP[}mingo{bU",
            "version": "8be2fb9cdd924ef8b1a7dc3b9638e96b",
            "versionless_id": "https://kv6eb7feb98ce2.vault.azure.net/secrets/vmpassword"
          },
          "sensitive_attributes": [
            [
              {
                "type": "get_attr",
                "value": "value"
              }
            ]
          ],
          "private": "eyJlMmJmYjczMC1lY2FhLTExZTYtOGY4OC0zNDM2M2JjN2M0YzAiOnsiY3JlYXRlIjoxODAwMDAwMDAwMDAwLCJkZWxldGUiOjE4MDAwMDAwMDAwMDAsInJlYWQiOjE4MDAwMDAwMDAwMDAsInVwZGF0ZSI6MTgwMDAwMDAwMDAwMH19",
          "dependencies": [
            "azurerm_key_vault.kv1",
            "azurerm_resource_group.rg-sec",
            "data.azurerm_client_config.current",
            "random_id.kv_name",
            "random_password.vmpassword"
          ]
        }
      ]
    },
    {
      "mode": "managed",
      "type": "azurerm_lb",
      "name": "cross-region-lb",
      "provider": "provider[\"registry.terraform.io/hashicorp/azurerm\"]",
      "instances": [
        {
          "schema_version": 0,
          "attributes": {
            "edge_zone": "",
            "frontend_ip_configuration": [
              {
                "gateway_load_balancer_frontend_ip_configuration_id": "",
                "id": "/subscriptions/b5effc5b-e366-4a91-8d78-89298bb79c8e/resourceGroups/rg-centralus-con/providers/Microsoft.Network/loadBalancers/cross_lb_centralus/frontendIPConfigurations/Fr_Pub_LBIP",
                "inbound_nat_rules": [],
                "load_balancer_rules": [],
                "name": "Fr_Pub_LBIP",
                "outbound_rules": [],
                "private_ip_address": "",
                "private_ip_address_allocation": "Dynamic",
                "private_ip_address_version": "",
                "public_ip_address_id": "/subscriptions/b5effc5b-e366-4a91-8d78-89298bb79c8e/resourceGroups/rg-centralus-con/providers/Microsoft.Network/publicIPAddresses/pip_cr_lb",
                "public_ip_prefix_id": "",
                "subnet_id": "",
                "zones": null
              }
            ],
            "id": "/subscriptions/b5effc5b-e366-4a91-8d78-89298bb79c8e/resourceGroups/rg-centralus-con/providers/Microsoft.Network/loadBalancers/cross_lb_centralus",
            "location": "centralus",
            "name": "cross_lb_centralus",
            "private_ip_address": "",
            "private_ip_addresses": [],
            "resource_group_name": "rg-centralus-con",
            "sku": "Standard",
            "sku_tier": "Global",
            "tags": null,
            "timeouts": null
          },
          "sensitive_attributes": [],
          "private": "eyJlMmJmYjczMC1lY2FhLTExZTYtOGY4OC0zNDM2M2JjN2M0YzAiOnsiY3JlYXRlIjoxODAwMDAwMDAwMDAwLCJkZWxldGUiOjE4MDAwMDAwMDAwMDAsInJlYWQiOjMwMDAwMDAwMDAwMCwidXBkYXRlIjoxODAwMDAwMDAwMDAwfX0=",
          "dependencies": [
            "azurerm_public_ip.pip_cr_lb",
            "azurerm_resource_group.rg-con",
            "random_id.dns-name"
          ]
        }
      ]
    },
    {
      "mode": "managed",
      "type": "azurerm_lb",
      "name": "region_lb",
      "provider": "provider[\"registry.terraform.io/hashicorp/azurerm\"]",
      "instances": [
        {
          "index_key": "region1",
          "schema_version": 0,
          "attributes": {
            "edge_zone": "",
            "frontend_ip_configuration": [
              {
                "gateway_load_balancer_frontend_ip_configuration_id": "",
                "id": "/subscriptions/b5effc5b-e366-4a91-8d78-89298bb79c8e/resourceGroups/rg-centralus-con/providers/Microsoft.Network/loadBalancers/region-centralus-lb/frontendIPConfigurations/PublicIPAddress",
                "inbound_nat_rules": [],
                "load_balancer_rules": [],
                "name": "PublicIPAddress",
                "outbound_rules": [],
                "private_ip_address": "",
                "private_ip_address_allocation": "Dynamic",
                "private_ip_address_version": "",
                "public_ip_address_id": "/subscriptions/b5effc5b-e366-4a91-8d78-89298bb79c8e/resourceGroups/rg-centralus-con/providers/Microsoft.Network/publicIPAddresses/pip-centralus-lb",
                "public_ip_prefix_id": "",
                "subnet_id": "",
                "zones": null
              }
            ],
            "id": "/subscriptions/b5effc5b-e366-4a91-8d78-89298bb79c8e/resourceGroups/rg-centralus-con/providers/Microsoft.Network/loadBalancers/region-centralus-lb",
            "location": "centralus",
            "name": "region-centralus-lb",
            "private_ip_address": "",
            "private_ip_addresses": [],
            "resource_group_name": "rg-centralus-con",
            "sku": "Standard",
            "sku_tier": "Regional",
            "tags": null,
            "timeouts": null
          },
          "sensitive_attributes": [],
          "private": "eyJlMmJmYjczMC1lY2FhLTExZTYtOGY4OC0zNDM2M2JjN2M0YzAiOnsiY3JlYXRlIjoxODAwMDAwMDAwMDAwLCJkZWxldGUiOjE4MDAwMDAwMDAwMDAsInJlYWQiOjMwMDAwMDAwMDAwMCwidXBkYXRlIjoxODAwMDAwMDAwMDAwfX0=",
          "dependencies": [
            "azurerm_public_ip.pipr_lb",
            "azurerm_resource_group.rg-con",
            "random_id.dns-name"
          ]
        },
        {
          "index_key": "region2",
          "schema_version": 0,
          "attributes": {
            "edge_zone": "",
            "frontend_ip_configuration": [
              {
                "gateway_load_balancer_frontend_ip_configuration_id": "",
                "id": "/subscriptions/b5effc5b-e366-4a91-8d78-89298bb79c8e/resourceGroups/rg-eastus2-con/providers/Microsoft.Network/loadBalancers/region-eastus2-lb/frontendIPConfigurations/PublicIPAddress",
                "inbound_nat_rules": [],
                "load_balancer_rules": [],
                "name": "PublicIPAddress",
                "outbound_rules": [],
                "private_ip_address": "",
                "private_ip_address_allocation": "Dynamic",
                "private_ip_address_version": "",
                "public_ip_address_id": "/subscriptions/b5effc5b-e366-4a91-8d78-89298bb79c8e/resourceGroups/rg-eastus2-con/providers/Microsoft.Network/publicIPAddresses/pip-eastus2-lb",
                "public_ip_prefix_id": "",
                "subnet_id": "",
                "zones": null
              }
            ],
            "id": "/subscriptions/b5effc5b-e366-4a91-8d78-89298bb79c8e/resourceGroups/rg-eastus2-con/providers/Microsoft.Network/loadBalancers/region-eastus2-lb",
            "location": "eastus2",
            "name": "region-eastus2-lb",
            "private_ip_address": "",
            "private_ip_addresses": [],
            "resource_group_name": "rg-eastus2-con",
            "sku": "Standard",
            "sku_tier": "Regional",
            "tags": null,
            "timeouts": null
          },
          "sensitive_attributes": [],
          "private": "eyJlMmJmYjczMC1lY2FhLTExZTYtOGY4OC0zNDM2M2JjN2M0YzAiOnsiY3JlYXRlIjoxODAwMDAwMDAwMDAwLCJkZWxldGUiOjE4MDAwMDAwMDAwMDAsInJlYWQiOjMwMDAwMDAwMDAwMCwidXBkYXRlIjoxODAwMDAwMDAwMDAwfX0=",
          "dependencies": [
            "azurerm_public_ip.pipr_lb",
            "azurerm_resource_group.rg-con",
            "random_id.dns-name"
          ]
        },
        {
          "index_key": "region3",
          "schema_version": 0,
          "attributes": {
            "edge_zone": "",
            "frontend_ip_configuration": [
              {
                "gateway_load_balancer_frontend_ip_configuration_id": "",
                "id": "/subscriptions/b5effc5b-e366-4a91-8d78-89298bb79c8e/resourceGroups/rg-canadacentral-con/providers/Microsoft.Network/loadBalancers/region-canadacentral-lb/frontendIPConfigurations/PublicIPAddress",
                "inbound_nat_rules": [],
                "load_balancer_rules": [],
                "name": "PublicIPAddress",
                "outbound_rules": [],
                "private_ip_address": "",
                "private_ip_address_allocation": "Dynamic",
                "private_ip_address_version": "",
                "public_ip_address_id": "/subscriptions/b5effc5b-e366-4a91-8d78-89298bb79c8e/resourceGroups/rg-canadacentral-con/providers/Microsoft.Network/publicIPAddresses/pip-canadacentral-lb",
                "public_ip_prefix_id": "",
                "subnet_id": "",
                "zones": null
              }
            ],
            "id": "/subscriptions/b5effc5b-e366-4a91-8d78-89298bb79c8e/resourceGroups/rg-canadacentral-con/providers/Microsoft.Network/loadBalancers/region-canadacentral-lb",
            "location": "canadacentral",
            "name": "region-canadacentral-lb",
            "private_ip_address": "",
            "private_ip_addresses": [],
            "resource_group_name": "rg-canadacentral-con",
            "sku": "Standard",
            "sku_tier": "Regional",
            "tags": null,
            "timeouts": null
          },
          "sensitive_attributes": [],
          "private": "eyJlMmJmYjczMC1lY2FhLTExZTYtOGY4OC0zNDM2M2JjN2M0YzAiOnsiY3JlYXRlIjoxODAwMDAwMDAwMDAwLCJkZWxldGUiOjE4MDAwMDAwMDAwMDAsInJlYWQiOjMwMDAwMDAwMDAwMCwidXBkYXRlIjoxODAwMDAwMDAwMDAwfX0=",
          "dependencies": [
            "azurerm_public_ip.pipr_lb",
            "azurerm_resource_group.rg-con",
            "random_id.dns-name"
          ]
        }
      ]
    },
    {
      "mode": "managed",
      "type": "azurerm_lb_backend_address_pool",
      "name": "cross-region-lb-pool",
      "provider": "provider[\"registry.terraform.io/hashicorp/azurerm\"]",
      "instances": [
        {
          "schema_version": 0,
          "attributes": {
            "backend_ip_configurations": [],
            "id": "/subscriptions/b5effc5b-e366-4a91-8d78-89298bb79c8e/resourceGroups/rg-centralus-con/providers/Microsoft.Network/loadBalancers/cross_lb_centralus/backendAddressPools/BackEndAddressPool",
            "inbound_nat_rules": [],
            "load_balancing_rules": [],
            "loadbalancer_id": "/subscriptions/b5effc5b-e366-4a91-8d78-89298bb79c8e/resourceGroups/rg-centralus-con/providers/Microsoft.Network/loadBalancers/cross_lb_centralus",
            "name": "BackEndAddressPool",
            "outbound_rules": [],
            "timeouts": null,
            "tunnel_interface": [],
            "virtual_network_id": ""
          },
          "sensitive_attributes": [],
          "private": "eyJlMmJmYjczMC1lY2FhLTExZTYtOGY4OC0zNDM2M2JjN2M0YzAiOnsiY3JlYXRlIjoxODAwMDAwMDAwMDAwLCJkZWxldGUiOjE4MDAwMDAwMDAwMDAsInJlYWQiOjMwMDAwMDAwMDAwMCwidXBkYXRlIjoxODAwMDAwMDAwMDAwfX0=",
          "dependencies": [
            "azurerm_lb.cross-region-lb",
            "azurerm_public_ip.pip_cr_lb",
            "azurerm_resource_group.rg-con",
            "random_id.dns-name"
          ]
        }
      ]
    },
    {
      "mode": "managed",
      "type": "azurerm_lb_backend_address_pool",
      "name": "regional-lb-pool",
      "provider": "provider[\"registry.terraform.io/hashicorp/azurerm\"]",
      "instances": [
        {
          "index_key": "region1",
          "schema_version": 0,
          "attributes": {
            "backend_ip_configurations": [],
            "id": "/subscriptions/b5effc5b-e366-4a91-8d78-89298bb79c8e/resourceGroups/rg-centralus-con/providers/Microsoft.Network/loadBalancers/region-centralus-lb/backendAddressPools/BackEndAddressPool",
            "inbound_nat_rules": [],
            "load_balancing_rules": [],
            "loadbalancer_id": "/subscriptions/b5effc5b-e366-4a91-8d78-89298bb79c8e/resourceGroups/rg-centralus-con/providers/Microsoft.Network/loadBalancers/region-centralus-lb",
            "name": "BackEndAddressPool",
            "outbound_rules": [],
            "timeouts": null,
            "tunnel_interface": [],
            "virtual_network_id": ""
          },
          "sensitive_attributes": [],
          "private": "eyJlMmJmYjczMC1lY2FhLTExZTYtOGY4OC0zNDM2M2JjN2M0YzAiOnsiY3JlYXRlIjoxODAwMDAwMDAwMDAwLCJkZWxldGUiOjE4MDAwMDAwMDAwMDAsInJlYWQiOjMwMDAwMDAwMDAwMCwidXBkYXRlIjoxODAwMDAwMDAwMDAwfX0=",
          "dependencies": [
            "azurerm_lb.region_lb",
            "azurerm_public_ip.pipr_lb",
            "azurerm_resource_group.rg-con",
            "random_id.dns-name"
          ]
        },
        {
          "index_key": "region2",
          "schema_version": 0,
          "attributes": {
            "backend_ip_configurations": [],
            "id": "/subscriptions/b5effc5b-e366-4a91-8d78-89298bb79c8e/resourceGroups/rg-eastus2-con/providers/Microsoft.Network/loadBalancers/region-eastus2-lb/backendAddressPools/BackEndAddressPool",
            "inbound_nat_rules": [],
            "load_balancing_rules": [],
            "loadbalancer_id": "/subscriptions/b5effc5b-e366-4a91-8d78-89298bb79c8e/resourceGroups/rg-eastus2-con/providers/Microsoft.Network/loadBalancers/region-eastus2-lb",
            "name": "BackEndAddressPool",
            "outbound_rules": [],
            "timeouts": null,
            "tunnel_interface": [],
            "virtual_network_id": ""
          },
          "sensitive_attributes": [],
          "private": "eyJlMmJmYjczMC1lY2FhLTExZTYtOGY4OC0zNDM2M2JjN2M0YzAiOnsiY3JlYXRlIjoxODAwMDAwMDAwMDAwLCJkZWxldGUiOjE4MDAwMDAwMDAwMDAsInJlYWQiOjMwMDAwMDAwMDAwMCwidXBkYXRlIjoxODAwMDAwMDAwMDAwfX0=",
          "dependencies": [
            "azurerm_lb.region_lb",
            "azurerm_public_ip.pipr_lb",
            "azurerm_resource_group.rg-con",
            "random_id.dns-name"
          ]
        },
        {
          "index_key": "region3",
          "schema_version": 0,
          "attributes": {
            "backend_ip_configurations": [],
            "id": "/subscriptions/b5effc5b-e366-4a91-8d78-89298bb79c8e/resourceGroups/rg-canadacentral-con/providers/Microsoft.Network/loadBalancers/region-canadacentral-lb/backendAddressPools/BackEndAddressPool",
            "inbound_nat_rules": [],
            "load_balancing_rules": [],
            "loadbalancer_id": "/subscriptions/b5effc5b-e366-4a91-8d78-89298bb79c8e/resourceGroups/rg-canadacentral-con/providers/Microsoft.Network/loadBalancers/region-canadacentral-lb",
            "name": "BackEndAddressPool",
            "outbound_rules": [],
            "timeouts": null,
            "tunnel_interface": [],
            "virtual_network_id": ""
          },
          "sensitive_attributes": [],
          "private": "eyJlMmJmYjczMC1lY2FhLTExZTYtOGY4OC0zNDM2M2JjN2M0YzAiOnsiY3JlYXRlIjoxODAwMDAwMDAwMDAwLCJkZWxldGUiOjE4MDAwMDAwMDAwMDAsInJlYWQiOjMwMDAwMDAwMDAwMCwidXBkYXRlIjoxODAwMDAwMDAwMDAwfX0=",
          "dependencies": [
            "azurerm_lb.region_lb",
            "azurerm_public_ip.pipr_lb",
            "azurerm_resource_group.rg-con",
            "random_id.dns-name"
          ]
        }
      ]
    },
    {
      "mode": "managed",
      "type": "azurerm_lb_backend_address_pool_address",
      "name": "cross-region-lb-pool-address",
      "provider": "provider[\"registry.terraform.io/hashicorp/azurerm\"]",
      "instances": [
        {
          "index_key": "region2",
          "schema_version": 0,
          "attributes": {
            "backend_address_ip_configuration_id": "/subscriptions/b5effc5b-e366-4a91-8d78-89298bb79c8e/resourceGroups/rg-eastus2-con/providers/Microsoft.Network/loadBalancers/region-eastus2-lb/frontendIPConfigurations/PublicIPAddress",
            "backend_address_pool_id": "/subscriptions/b5effc5b-e366-4a91-8d78-89298bb79c8e/resourceGroups/rg-centralus-con/providers/Microsoft.Network/loadBalancers/cross_lb_centralus/backendAddressPools/BackEndAddressPool",
            "id": "/subscriptions/b5effc5b-e366-4a91-8d78-89298bb79c8e/resourceGroups/rg-centralus-con/providers/Microsoft.Network/loadBalancers/cross_lb_centralus/backendAddressPools/BackEndAddressPool/addresses/cross-region-lb-pool-address",
            "inbound_nat_rule_port_mapping": [],
            "ip_address": "",
            "name": "cross-region-lb-pool-address",
            "timeouts": null,
            "virtual_network_id": ""
          },
          "sensitive_attributes": [],
          "private": "eyJlMmJmYjczMC1lY2FhLTExZTYtOGY4OC0zNDM2M2JjN2M0YzAiOnsiY3JlYXRlIjoxODAwMDAwMDAwMDAwLCJkZWxldGUiOjE4MDAwMDAwMDAwMDAsInJlYWQiOjMwMDAwMDAwMDAwMCwidXBkYXRlIjoxODAwMDAwMDAwMDAwfX0=",
          "dependencies": [
            "azurerm_lb.cross-region-lb",
            "azurerm_lb.region_lb",
            "azurerm_lb_backend_address_pool.cross-region-lb-pool",
            "azurerm_public_ip.pip_cr_lb",
            "azurerm_public_ip.pipr_lb",
            "azurerm_resource_group.rg-con",
            "random_id.dns-name"
          ]
        }
      ]
    },
    {
      "mode": "managed",
      "type": "azurerm_lb_probe",
      "name": "regional-lb-probe",
      "provider": "provider[\"registry.terraform.io/hashicorp/azurerm\"]",
      "instances": [
        {
          "index_key": "region1",
          "schema_version": 0,
          "attributes": {
            "id": "/subscriptions/b5effc5b-e366-4a91-8d78-89298bb79c8e/resourceGroups/rg-centralus-con/providers/Microsoft.Network/loadBalancers/region-centralus-lb/probes/probe",
            "interval_in_seconds": 15,
            "load_balancer_rules": [],
            "loadbalancer_id": "/subscriptions/b5effc5b-e366-4a91-8d78-89298bb79c8e/resourceGroups/rg-centralus-con/providers/Microsoft.Network/loadBalancers/region-centralus-lb",
            "name": "probe",
            "number_of_probes": 2,
            "port": 80,
            "probe_threshold": 1,
            "protocol": "Http",
            "request_path": "/",
            "timeouts": null
          },
          "sensitive_attributes": [],
          "private": "eyJlMmJmYjczMC1lY2FhLTExZTYtOGY4OC0zNDM2M2JjN2M0YzAiOnsiY3JlYXRlIjoxODAwMDAwMDAwMDAwLCJkZWxldGUiOjE4MDAwMDAwMDAwMDAsInJlYWQiOjMwMDAwMDAwMDAwMCwidXBkYXRlIjoxODAwMDAwMDAwMDAwfX0=",
          "dependencies": [
            "azurerm_lb.region_lb",
            "azurerm_public_ip.pipr_lb",
            "azurerm_resource_group.rg-con",
            "random_id.dns-name"
          ]
        },
        {
          "index_key": "region2",
          "schema_version": 0,
          "attributes": {
            "id": "/subscriptions/b5effc5b-e366-4a91-8d78-89298bb79c8e/resourceGroups/rg-eastus2-con/providers/Microsoft.Network/loadBalancers/region-eastus2-lb/probes/probe",
            "interval_in_seconds": 15,
            "load_balancer_rules": [],
            "loadbalancer_id": "/subscriptions/b5effc5b-e366-4a91-8d78-89298bb79c8e/resourceGroups/rg-eastus2-con/providers/Microsoft.Network/loadBalancers/region-eastus2-lb",
            "name": "probe",
            "number_of_probes": 2,
            "port": 80,
            "probe_threshold": 1,
            "protocol": "Http",
            "request_path": "/",
            "timeouts": null
          },
          "sensitive_attributes": [],
          "private": "eyJlMmJmYjczMC1lY2FhLTExZTYtOGY4OC0zNDM2M2JjN2M0YzAiOnsiY3JlYXRlIjoxODAwMDAwMDAwMDAwLCJkZWxldGUiOjE4MDAwMDAwMDAwMDAsInJlYWQiOjMwMDAwMDAwMDAwMCwidXBkYXRlIjoxODAwMDAwMDAwMDAwfX0=",
          "dependencies": [
            "azurerm_lb.region_lb",
            "azurerm_public_ip.pipr_lb",
            "azurerm_resource_group.rg-con",
            "random_id.dns-name"
          ]
        },
        {
          "index_key": "region3",
          "schema_version": 0,
          "attributes": {
            "id": "/subscriptions/b5effc5b-e366-4a91-8d78-89298bb79c8e/resourceGroups/rg-canadacentral-con/providers/Microsoft.Network/loadBalancers/region-canadacentral-lb/probes/probe",
            "interval_in_seconds": 15,
            "load_balancer_rules": [],
            "loadbalancer_id": "/subscriptions/b5effc5b-e366-4a91-8d78-89298bb79c8e/resourceGroups/rg-canadacentral-con/providers/Microsoft.Network/loadBalancers/region-canadacentral-lb",
            "name": "probe",
            "number_of_probes": 2,
            "port": 80,
            "probe_threshold": 1,
            "protocol": "Http",
            "request_path": "/",
            "timeouts": null
          },
          "sensitive_attributes": [],
          "private": "eyJlMmJmYjczMC1lY2FhLTExZTYtOGY4OC0zNDM2M2JjN2M0YzAiOnsiY3JlYXRlIjoxODAwMDAwMDAwMDAwLCJkZWxldGUiOjE4MDAwMDAwMDAwMDAsInJlYWQiOjMwMDAwMDAwMDAwMCwidXBkYXRlIjoxODAwMDAwMDAwMDAwfX0=",
          "dependencies": [
            "azurerm_lb.region_lb",
            "azurerm_public_ip.pipr_lb",
            "azurerm_resource_group.rg-con",
            "random_id.dns-name"
          ]
        }
      ]
    },
    {
      "mode": "managed",
      "type": "azurerm_lb_rule",
      "name": "cross-region-lb-rule",
      "provider": "provider[\"registry.terraform.io/hashicorp/azurerm\"]",
      "instances": [
        {
          "schema_version": 0,
          "attributes": {
            "backend_address_pool_ids": [
              "/subscriptions/b5effc5b-e366-4a91-8d78-89298bb79c8e/resourceGroups/rg-centralus-con/providers/Microsoft.Network/loadBalancers/cross_lb_centralus/backendAddressPools/BackEndAddressPool"
            ],
            "backend_port": 80,
            "disable_outbound_snat": false,
            "enable_floating_ip": false,
            "enable_tcp_reset": false,
            "frontend_ip_configuration_id": "/subscriptions/b5effc5b-e366-4a91-8d78-89298bb79c8e/resourceGroups/rg-centralus-con/providers/Microsoft.Network/loadBalancers/cross_lb_centralus/frontendIPConfigurations/Fr_Pub_LBIP",
            "frontend_ip_configuration_name": "Fr_Pub_LBIP",
            "frontend_port": 80,
            "id": "/subscriptions/b5effc5b-e366-4a91-8d78-89298bb79c8e/resourceGroups/rg-centralus-con/providers/Microsoft.Network/loadBalancers/cross_lb_centralus/loadBalancingRules/LBRule",
            "idle_timeout_in_minutes": 4,
            "load_distribution": "Default",
            "loadbalancer_id": "/subscriptions/b5effc5b-e366-4a91-8d78-89298bb79c8e/resourceGroups/rg-centralus-con/providers/Microsoft.Network/loadBalancers/cross_lb_centralus",
            "name": "LBRule",
            "probe_id": "",
            "protocol": "Tcp",
            "timeouts": null
          },
          "sensitive_attributes": [],
          "private": "eyJlMmJmYjczMC1lY2FhLTExZTYtOGY4OC0zNDM2M2JjN2M0YzAiOnsiY3JlYXRlIjoxODAwMDAwMDAwMDAwLCJkZWxldGUiOjE4MDAwMDAwMDAwMDAsInJlYWQiOjMwMDAwMDAwMDAwMCwidXBkYXRlIjoxODAwMDAwMDAwMDAwfX0=",
          "dependencies": [
            "azurerm_lb.cross-region-lb",
            "azurerm_lb_backend_address_pool.cross-region-lb-pool",
            "azurerm_public_ip.pip_cr_lb",
            "azurerm_resource_group.rg-con",
            "random_id.dns-name"
          ]
        }
      ]
    },
    {
      "mode": "managed",
      "type": "azurerm_lb_rule",
      "name": "regionlb_rule",
      "provider": "provider[\"registry.terraform.io/hashicorp/azurerm\"]",
      "instances": [
        {
          "index_key": "region1",
          "schema_version": 0,
          "attributes": {
            "backend_address_pool_ids": [
              "/subscriptions/b5effc5b-e366-4a91-8d78-89298bb79c8e/resourceGroups/rg-centralus-con/providers/Microsoft.Network/loadBalancers/region-centralus-lb/backendAddressPools/BackEndAddressPool"
            ],
            "backend_port": 80,
            "disable_outbound_snat": false,
            "enable_floating_ip": false,
            "enable_tcp_reset": false,
            "frontend_ip_configuration_id": "/subscriptions/b5effc5b-e366-4a91-8d78-89298bb79c8e/resourceGroups/rg-centralus-con/providers/Microsoft.Network/loadBalancers/region-centralus-lb/frontendIPConfigurations/PublicIPAddress",
            "frontend_ip_configuration_name": "PublicIPAddress",
            "frontend_port": 80,
            "id": "/subscriptions/b5effc5b-e366-4a91-8d78-89298bb79c8e/resourceGroups/rg-centralus-con/providers/Microsoft.Network/loadBalancers/region-centralus-lb/loadBalancingRules/regionLBRule",
            "idle_timeout_in_minutes": 4,
            "load_distribution": "Default",
            "loadbalancer_id": "/subscriptions/b5effc5b-e366-4a91-8d78-89298bb79c8e/resourceGroups/rg-centralus-con/providers/Microsoft.Network/loadBalancers/region-centralus-lb",
            "name": "regionLBRule",
            "probe_id": "",
            "protocol": "Tcp",
            "timeouts": null
          },
          "sensitive_attributes": [],
          "private": "eyJlMmJmYjczMC1lY2FhLTExZTYtOGY4OC0zNDM2M2JjN2M0YzAiOnsiY3JlYXRlIjoxODAwMDAwMDAwMDAwLCJkZWxldGUiOjE4MDAwMDAwMDAwMDAsInJlYWQiOjMwMDAwMDAwMDAwMCwidXBkYXRlIjoxODAwMDAwMDAwMDAwfX0=",
          "dependencies": [
            "azurerm_lb.region_lb",
            "azurerm_lb_backend_address_pool.regional-lb-pool",
            "azurerm_public_ip.pipr_lb",
            "azurerm_resource_group.rg-con",
            "random_id.dns-name"
          ]
        },
        {
          "index_key": "region2",
          "schema_version": 0,
          "attributes": {
            "backend_address_pool_ids": [
              "/subscriptions/b5effc5b-e366-4a91-8d78-89298bb79c8e/resourceGroups/rg-eastus2-con/providers/Microsoft.Network/loadBalancers/region-eastus2-lb/backendAddressPools/BackEndAddressPool"
            ],
            "backend_port": 80,
            "disable_outbound_snat": false,
            "enable_floating_ip": false,
            "enable_tcp_reset": false,
            "frontend_ip_configuration_id": "/subscriptions/b5effc5b-e366-4a91-8d78-89298bb79c8e/resourceGroups/rg-eastus2-con/providers/Microsoft.Network/loadBalancers/region-eastus2-lb/frontendIPConfigurations/PublicIPAddress",
            "frontend_ip_configuration_name": "PublicIPAddress",
            "frontend_port": 80,
            "id": "/subscriptions/b5effc5b-e366-4a91-8d78-89298bb79c8e/resourceGroups/rg-eastus2-con/providers/Microsoft.Network/loadBalancers/region-eastus2-lb/loadBalancingRules/regionLBRule",
            "idle_timeout_in_minutes": 4,
            "load_distribution": "Default",
            "loadbalancer_id": "/subscriptions/b5effc5b-e366-4a91-8d78-89298bb79c8e/resourceGroups/rg-eastus2-con/providers/Microsoft.Network/loadBalancers/region-eastus2-lb",
            "name": "regionLBRule",
            "probe_id": "",
            "protocol": "Tcp",
            "timeouts": null
          },
          "sensitive_attributes": [],
          "private": "eyJlMmJmYjczMC1lY2FhLTExZTYtOGY4OC0zNDM2M2JjN2M0YzAiOnsiY3JlYXRlIjoxODAwMDAwMDAwMDAwLCJkZWxldGUiOjE4MDAwMDAwMDAwMDAsInJlYWQiOjMwMDAwMDAwMDAwMCwidXBkYXRlIjoxODAwMDAwMDAwMDAwfX0=",
          "dependencies": [
            "azurerm_lb.region_lb",
            "azurerm_lb_backend_address_pool.regional-lb-pool",
            "azurerm_public_ip.pipr_lb",
            "azurerm_resource_group.rg-con",
            "random_id.dns-name"
          ]
        },
        {
          "index_key": "region3",
          "schema_version": 0,
          "attributes": {
            "backend_address_pool_ids": [
              "/subscriptions/b5effc5b-e366-4a91-8d78-89298bb79c8e/resourceGroups/rg-canadacentral-con/providers/Microsoft.Network/loadBalancers/region-canadacentral-lb/backendAddressPools/BackEndAddressPool"
            ],
            "backend_port": 80,
            "disable_outbound_snat": false,
            "enable_floating_ip": false,
            "enable_tcp_reset": false,
            "frontend_ip_configuration_id": "/subscriptions/b5effc5b-e366-4a91-8d78-89298bb79c8e/resourceGroups/rg-canadacentral-con/providers/Microsoft.Network/loadBalancers/region-canadacentral-lb/frontendIPConfigurations/PublicIPAddress",
            "frontend_ip_configuration_name": "PublicIPAddress",
            "frontend_port": 80,
            "id": "/subscriptions/b5effc5b-e366-4a91-8d78-89298bb79c8e/resourceGroups/rg-canadacentral-con/providers/Microsoft.Network/loadBalancers/region-canadacentral-lb/loadBalancingRules/regionLBRule",
            "idle_timeout_in_minutes": 4,
            "load_distribution": "Default",
            "loadbalancer_id": "/subscriptions/b5effc5b-e366-4a91-8d78-89298bb79c8e/resourceGroups/rg-canadacentral-con/providers/Microsoft.Network/loadBalancers/region-canadacentral-lb",
            "name": "regionLBRule",
            "probe_id": "",
            "protocol": "Tcp",
            "timeouts": null
          },
          "sensitive_attributes": [],
          "private": "eyJlMmJmYjczMC1lY2FhLTExZTYtOGY4OC0zNDM2M2JjN2M0YzAiOnsiY3JlYXRlIjoxODAwMDAwMDAwMDAwLCJkZWxldGUiOjE4MDAwMDAwMDAwMDAsInJlYWQiOjMwMDAwMDAwMDAwMCwidXBkYXRlIjoxODAwMDAwMDAwMDAwfX0=",
          "dependencies": [
            "azurerm_lb.region_lb",
            "azurerm_lb_backend_address_pool.regional-lb-pool",
            "azurerm_public_ip.pipr_lb",
            "azurerm_resource_group.rg-con",
            "random_id.dns-name"
          ]
        }
      ]
    },
    {
      "mode": "managed",
      "type": "azurerm_network_interface",
      "name": "nic_host",
      "provider": "provider[\"registry.terraform.io/hashicorp/azurerm\"]",
      "instances": [
        {
          "index_key": "region1",
          "schema_version": 0,
          "attributes": {
            "applied_dns_servers": [],
            "auxiliary_mode": "",
            "auxiliary_sku": "",
            "dns_servers": [],
            "edge_zone": "",
            "enable_accelerated_networking": false,
            "enable_ip_forwarding": false,
            "id": "/subscriptions/b5effc5b-e366-4a91-8d78-89298bb79c8e/resourceGroups/rg-centralus-host/providers/Microsoft.Network/networkInterfaces/nic-centralus-host",
            "internal_dns_name_label": "",
            "internal_domain_name_suffix": "kh3meszxrdze3a3cc5icnwk5vf.gx.internal.cloudapp.net",
            "ip_configuration": [
              {
                "gateway_load_balancer_frontend_ip_configuration_id": "",
                "name": "Internal",
                "primary": true,
                "private_ip_address": "10.10.0.4",
                "private_ip_address_allocation": "Static",
                "private_ip_address_version": "IPv4",
                "public_ip_address_id": "",
                "subnet_id": "/subscriptions/b5effc5b-e366-4a91-8d78-89298bb79c8e/resourceGroups/rg-centralus-con/providers/Microsoft.Network/virtualNetworks/vnet-centralus-conn/subnets/subnet-centralus-conn"
              }
            ],
            "location": "centralus",
            "mac_address": "",
            "name": "nic-centralus-host",
            "private_ip_address": "10.10.0.4",
            "private_ip_addresses": [
              "10.10.0.4"
            ],
            "resource_group_name": "rg-centralus-host",
            "tags": null,
            "timeouts": null,
            "virtual_machine_id": ""
          },
          "sensitive_attributes": [],
          "private": "eyJlMmJmYjczMC1lY2FhLTExZTYtOGY4OC0zNDM2M2JjN2M0YzAiOnsiY3JlYXRlIjoxODAwMDAwMDAwMDAwLCJkZWxldGUiOjE4MDAwMDAwMDAwMDAsInJlYWQiOjMwMDAwMDAwMDAwMCwidXBkYXRlIjoxODAwMDAwMDAwMDAwfX0=",
          "dependencies": [
            "azurerm_resource_group.rg-con",
            "azurerm_resource_group.rg-host",
            "azurerm_subnet.subnet_conn",
            "azurerm_virtual_network.vnet_conn"
          ]
        },
        {
          "index_key": "region2",
          "schema_version": 0,
          "attributes": {
            "applied_dns_servers": [],
            "auxiliary_mode": "",
            "auxiliary_sku": "",
            "dns_servers": [],
            "edge_zone": "",
            "enable_accelerated_networking": false,
            "enable_ip_forwarding": false,
            "id": "/subscriptions/b5effc5b-e366-4a91-8d78-89298bb79c8e/resourceGroups/rg-eastus2-host/providers/Microsoft.Network/networkInterfaces/nic-eastus2-host",
            "internal_dns_name_label": "",
            "internal_domain_name_suffix": "zlmke40wnrvezcw3h4pyzx5s4b.cx.internal.cloudapp.net",
            "ip_configuration": [
              {
                "gateway_load_balancer_frontend_ip_configuration_id": "",
                "name": "Internal",
                "primary": true,
                "private_ip_address": "10.20.0.4",
                "private_ip_address_allocation": "Static",
                "private_ip_address_version": "IPv4",
                "public_ip_address_id": "",
                "subnet_id": "/subscriptions/b5effc5b-e366-4a91-8d78-89298bb79c8e/resourceGroups/rg-eastus2-con/providers/Microsoft.Network/virtualNetworks/vnet-eastus2-conn/subnets/subnet-eastus2-conn"
              }
            ],
            "location": "eastus2",
            "mac_address": "",
            "name": "nic-eastus2-host",
            "private_ip_address": "10.20.0.4",
            "private_ip_addresses": [
              "10.20.0.4"
            ],
            "resource_group_name": "rg-eastus2-host",
            "tags": null,
            "timeouts": null,
            "virtual_machine_id": ""
          },
          "sensitive_attributes": [],
          "private": "eyJlMmJmYjczMC1lY2FhLTExZTYtOGY4OC0zNDM2M2JjN2M0YzAiOnsiY3JlYXRlIjoxODAwMDAwMDAwMDAwLCJkZWxldGUiOjE4MDAwMDAwMDAwMDAsInJlYWQiOjMwMDAwMDAwMDAwMCwidXBkYXRlIjoxODAwMDAwMDAwMDAwfX0=",
          "dependencies": [
            "azurerm_resource_group.rg-con",
            "azurerm_resource_group.rg-host",
            "azurerm_subnet.subnet_conn",
            "azurerm_virtual_network.vnet_conn"
          ]
        },
        {
          "index_key": "region3",
          "schema_version": 0,
          "attributes": {
            "applied_dns_servers": [],
            "auxiliary_mode": "",
            "auxiliary_sku": "",
            "dns_servers": [],
            "edge_zone": "",
            "enable_accelerated_networking": false,
            "enable_ip_forwarding": false,
            "id": "/subscriptions/b5effc5b-e366-4a91-8d78-89298bb79c8e/resourceGroups/rg-canadacentral-host/providers/Microsoft.Network/networkInterfaces/nic-canadacentral-host",
            "internal_dns_name_label": "",
            "internal_domain_name_suffix": "1qje2nh1oxue5ppjfl1eob2owb.ux.internal.cloudapp.net",
            "ip_configuration": [
              {
                "gateway_load_balancer_frontend_ip_configuration_id": "",
                "name": "Internal",
                "primary": true,
                "private_ip_address": "10.30.0.4",
                "private_ip_address_allocation": "Static",
                "private_ip_address_version": "IPv4",
                "public_ip_address_id": "",
                "subnet_id": "/subscriptions/b5effc5b-e366-4a91-8d78-89298bb79c8e/resourceGroups/rg-canadacentral-con/providers/Microsoft.Network/virtualNetworks/vnet-canadacentral-conn/subnets/subnet-canadacentral-conn"
              }
            ],
            "location": "canadacentral",
            "mac_address": "",
            "name": "nic-canadacentral-host",
            "private_ip_address": "10.30.0.4",
            "private_ip_addresses": [
              "10.30.0.4"
            ],
            "resource_group_name": "rg-canadacentral-host",
            "tags": null,
            "timeouts": null,
            "virtual_machine_id": ""
          },
          "sensitive_attributes": [],
          "private": "eyJlMmJmYjczMC1lY2FhLTExZTYtOGY4OC0zNDM2M2JjN2M0YzAiOnsiY3JlYXRlIjoxODAwMDAwMDAwMDAwLCJkZWxldGUiOjE4MDAwMDAwMDAwMDAsInJlYWQiOjMwMDAwMDAwMDAwMCwidXBkYXRlIjoxODAwMDAwMDAwMDAwfX0=",
          "dependencies": [
            "azurerm_resource_group.rg-con",
            "azurerm_resource_group.rg-host",
            "azurerm_subnet.subnet_conn",
            "azurerm_virtual_network.vnet_conn"
          ]
        }
      ]
    },
    {
      "mode": "managed",
      "type": "azurerm_network_interface_backend_address_pool_association",
      "name": "region-association",
      "provider": "provider[\"registry.terraform.io/hashicorp/azurerm\"]",
      "instances": [
        {
          "index_key": "region1",
          "schema_version": 0,
          "attributes": {
            "backend_address_pool_id": "/subscriptions/b5effc5b-e366-4a91-8d78-89298bb79c8e/resourceGroups/rg-centralus-con/providers/Microsoft.Network/loadBalancers/region-centralus-lb/backendAddressPools/BackEndAddressPool",
            "id": "/subscriptions/b5effc5b-e366-4a91-8d78-89298bb79c8e/resourceGroups/rg-centralus-host/providers/Microsoft.Network/networkInterfaces/nic-centralus-host/ipConfigurations/Internal|/subscriptions/b5effc5b-e366-4a91-8d78-89298bb79c8e/resourceGroups/rg-centralus-con/providers/Microsoft.Network/loadBalancers/region-centralus-lb/backendAddressPools/BackEndAddressPool",
            "ip_configuration_name": "Internal",
            "network_interface_id": "/subscriptions/b5effc5b-e366-4a91-8d78-89298bb79c8e/resourceGroups/rg-centralus-host/providers/Microsoft.Network/networkInterfaces/nic-centralus-host",
            "timeouts": null
          },
          "sensitive_attributes": [],
          "private": "eyJlMmJmYjczMC1lY2FhLTExZTYtOGY4OC0zNDM2M2JjN2M0YzAiOnsiY3JlYXRlIjoxODAwMDAwMDAwMDAwLCJkZWxldGUiOjE4MDAwMDAwMDAwMDAsInJlYWQiOjMwMDAwMDAwMDAwMH19",
          "dependencies": [
            "azurerm_lb.region_lb",
            "azurerm_lb_backend_address_pool.regional-lb-pool",
            "azurerm_network_interface.nic_host",
            "azurerm_public_ip.pipr_lb",
            "azurerm_resource_group.rg-con",
            "azurerm_resource_group.rg-host",
            "azurerm_subnet.subnet_conn",
            "azurerm_virtual_network.vnet_conn",
            "random_id.dns-name"
          ]
        },
        {
          "index_key": "region2",
          "schema_version": 0,
          "attributes": {
            "backend_address_pool_id": "/subscriptions/b5effc5b-e366-4a91-8d78-89298bb79c8e/resourceGroups/rg-eastus2-con/providers/Microsoft.Network/loadBalancers/region-eastus2-lb/backendAddressPools/BackEndAddressPool",
            "id": "/subscriptions/b5effc5b-e366-4a91-8d78-89298bb79c8e/resourceGroups/rg-eastus2-host/providers/Microsoft.Network/networkInterfaces/nic-eastus2-host/ipConfigurations/Internal|/subscriptions/b5effc5b-e366-4a91-8d78-89298bb79c8e/resourceGroups/rg-eastus2-con/providers/Microsoft.Network/loadBalancers/region-eastus2-lb/backendAddressPools/BackEndAddressPool",
            "ip_configuration_name": "Internal",
            "network_interface_id": "/subscriptions/b5effc5b-e366-4a91-8d78-89298bb79c8e/resourceGroups/rg-eastus2-host/providers/Microsoft.Network/networkInterfaces/nic-eastus2-host",
            "timeouts": null
          },
          "sensitive_attributes": [],
          "private": "eyJlMmJmYjczMC1lY2FhLTExZTYtOGY4OC0zNDM2M2JjN2M0YzAiOnsiY3JlYXRlIjoxODAwMDAwMDAwMDAwLCJkZWxldGUiOjE4MDAwMDAwMDAwMDAsInJlYWQiOjMwMDAwMDAwMDAwMH19",
          "dependencies": [
            "azurerm_lb.region_lb",
            "azurerm_lb_backend_address_pool.regional-lb-pool",
            "azurerm_network_interface.nic_host",
            "azurerm_public_ip.pipr_lb",
            "azurerm_resource_group.rg-con",
            "azurerm_resource_group.rg-host",
            "azurerm_subnet.subnet_conn",
            "azurerm_virtual_network.vnet_conn",
            "random_id.dns-name"
          ]
        },
        {
          "index_key": "region3",
          "schema_version": 0,
          "attributes": {
            "backend_address_pool_id": "/subscriptions/b5effc5b-e366-4a91-8d78-89298bb79c8e/resourceGroups/rg-canadacentral-con/providers/Microsoft.Network/loadBalancers/region-canadacentral-lb/backendAddressPools/BackEndAddressPool",
            "id": "/subscriptions/b5effc5b-e366-4a91-8d78-89298bb79c8e/resourceGroups/rg-canadacentral-host/providers/Microsoft.Network/networkInterfaces/nic-canadacentral-host/ipConfigurations/Internal|/subscriptions/b5effc5b-e366-4a91-8d78-89298bb79c8e/resourceGroups/rg-canadacentral-con/providers/Microsoft.Network/loadBalancers/region-canadacentral-lb/backendAddressPools/BackEndAddressPool",
            "ip_configuration_name": "Internal",
            "network_interface_id": "/subscriptions/b5effc5b-e366-4a91-8d78-89298bb79c8e/resourceGroups/rg-canadacentral-host/providers/Microsoft.Network/networkInterfaces/nic-canadacentral-host",
            "timeouts": null
          },
          "sensitive_attributes": [],
          "private": "eyJlMmJmYjczMC1lY2FhLTExZTYtOGY4OC0zNDM2M2JjN2M0YzAiOnsiY3JlYXRlIjoxODAwMDAwMDAwMDAwLCJkZWxldGUiOjE4MDAwMDAwMDAwMDAsInJlYWQiOjMwMDAwMDAwMDAwMH19",
          "dependencies": [
            "azurerm_lb.region_lb",
            "azurerm_lb_backend_address_pool.regional-lb-pool",
            "azurerm_network_interface.nic_host",
            "azurerm_public_ip.pipr_lb",
            "azurerm_resource_group.rg-con",
            "azurerm_resource_group.rg-host",
            "azurerm_subnet.subnet_conn",
            "azurerm_virtual_network.vnet_conn",
            "random_id.dns-name"
          ]
        }
      ]
    },
    {
      "mode": "managed",
      "type": "azurerm_network_security_group",
      "name": "nsg",
      "provider": "provider[\"registry.terraform.io/hashicorp/azurerm\"]",
      "instances": [
        {
          "index_key": "region1",
          "schema_version": 0,
          "attributes": {
            "id": "/subscriptions/b5effc5b-e366-4a91-8d78-89298bb79c8e/resourceGroups/rg-centralus-con/providers/Microsoft.Network/networkSecurityGroups/nag-centralus-conn",
            "location": "centralus",
            "name": "nag-centralus-conn",
            "resource_group_name": "rg-centralus-con",
            "security_rule": [],
            "tags": null,
            "timeouts": null
          },
          "sensitive_attributes": [],
          "private": "eyJlMmJmYjczMC1lY2FhLTExZTYtOGY4OC0zNDM2M2JjN2M0YzAiOnsiY3JlYXRlIjoxODAwMDAwMDAwMDAwLCJkZWxldGUiOjE4MDAwMDAwMDAwMDAsInJlYWQiOjMwMDAwMDAwMDAwMCwidXBkYXRlIjoxODAwMDAwMDAwMDAwfX0=",
          "dependencies": [
            "azurerm_resource_group.rg-con"
          ]
        },
        {
          "index_key": "region2",
          "schema_version": 0,
          "attributes": {
            "id": "/subscriptions/b5effc5b-e366-4a91-8d78-89298bb79c8e/resourceGroups/rg-eastus2-con/providers/Microsoft.Network/networkSecurityGroups/nag-eastus2-conn",
            "location": "eastus2",
            "name": "nag-eastus2-conn",
            "resource_group_name": "rg-eastus2-con",
            "security_rule": [],
            "tags": null,
            "timeouts": null
          },
          "sensitive_attributes": [],
          "private": "eyJlMmJmYjczMC1lY2FhLTExZTYtOGY4OC0zNDM2M2JjN2M0YzAiOnsiY3JlYXRlIjoxODAwMDAwMDAwMDAwLCJkZWxldGUiOjE4MDAwMDAwMDAwMDAsInJlYWQiOjMwMDAwMDAwMDAwMCwidXBkYXRlIjoxODAwMDAwMDAwMDAwfX0=",
          "dependencies": [
            "azurerm_resource_group.rg-con"
          ]
        },
        {
          "index_key": "region3",
          "schema_version": 0,
          "attributes": {
            "id": "/subscriptions/b5effc5b-e366-4a91-8d78-89298bb79c8e/resourceGroups/rg-canadacentral-con/providers/Microsoft.Network/networkSecurityGroups/nag-canadacentral-conn",
            "location": "canadacentral",
            "name": "nag-canadacentral-conn",
            "resource_group_name": "rg-canadacentral-con",
            "security_rule": [],
            "tags": null,
            "timeouts": null
          },
          "sensitive_attributes": [],
          "private": "eyJlMmJmYjczMC1lY2FhLTExZTYtOGY4OC0zNDM2M2JjN2M0YzAiOnsiY3JlYXRlIjoxODAwMDAwMDAwMDAwLCJkZWxldGUiOjE4MDAwMDAwMDAwMDAsInJlYWQiOjMwMDAwMDAwMDAwMCwidXBkYXRlIjoxODAwMDAwMDAwMDAwfX0=",
          "dependencies": [
            "azurerm_resource_group.rg-con"
          ]
        }
      ]
    },
    {
      "mode": "managed",
      "type": "azurerm_network_security_rule",
      "name": "nsr_conn",
      "provider": "provider[\"registry.terraform.io/hashicorp/azurerm\"]",
      "instances": [
        {
          "index_key": "region1",
          "schema_version": 0,
          "attributes": {
            "access": "Allow",
            "description": "",
            "destination_address_prefix": "*",
            "destination_address_prefixes": null,
            "destination_application_security_group_ids": null,
            "destination_port_range": "*",
            "destination_port_ranges": null,
            "direction": "Inbound",
            "id": "/subscriptions/b5effc5b-e366-4a91-8d78-89298bb79c8e/resourceGroups/rg-centralus-con/providers/Microsoft.Network/networkSecurityGroups/nag-centralus-conn/securityRules/AllowInternetInbound",
            "name": "AllowInternetInbound",
            "network_security_group_name": "nag-centralus-conn",
            "priority": 100,
            "protocol": "Tcp",
            "resource_group_name": "rg-centralus-con",
            "source_address_prefix": "*",
            "source_address_prefixes": null,
            "source_application_security_group_ids": null,
            "source_port_range": "*",
            "source_port_ranges": null,
            "timeouts": null
          },
          "sensitive_attributes": [],
          "private": "eyJlMmJmYjczMC1lY2FhLTExZTYtOGY4OC0zNDM2M2JjN2M0YzAiOnsiY3JlYXRlIjoxODAwMDAwMDAwMDAwLCJkZWxldGUiOjE4MDAwMDAwMDAwMDAsInJlYWQiOjMwMDAwMDAwMDAwMCwidXBkYXRlIjoxODAwMDAwMDAwMDAwfX0=",
          "dependencies": [
            "azurerm_network_security_group.nsg",
            "azurerm_resource_group.rg-con"
          ]
        },
        {
          "index_key": "region2",
          "schema_version": 0,
          "attributes": {
            "access": "Allow",
            "description": "",
            "destination_address_prefix": "*",
            "destination_address_prefixes": null,
            "destination_application_security_group_ids": null,
            "destination_port_range": "*",
            "destination_port_ranges": null,
            "direction": "Inbound",
            "id": "/subscriptions/b5effc5b-e366-4a91-8d78-89298bb79c8e/resourceGroups/rg-eastus2-con/providers/Microsoft.Network/networkSecurityGroups/nag-eastus2-conn/securityRules/AllowInternetInbound",
            "name": "AllowInternetInbound",
            "network_security_group_name": "nag-eastus2-conn",
            "priority": 100,
            "protocol": "Tcp",
            "resource_group_name": "rg-eastus2-con",
            "source_address_prefix": "*",
            "source_address_prefixes": null,
            "source_application_security_group_ids": null,
            "source_port_range": "*",
            "source_port_ranges": null,
            "timeouts": null
          },
          "sensitive_attributes": [],
          "private": "eyJlMmJmYjczMC1lY2FhLTExZTYtOGY4OC0zNDM2M2JjN2M0YzAiOnsiY3JlYXRlIjoxODAwMDAwMDAwMDAwLCJkZWxldGUiOjE4MDAwMDAwMDAwMDAsInJlYWQiOjMwMDAwMDAwMDAwMCwidXBkYXRlIjoxODAwMDAwMDAwMDAwfX0=",
          "dependencies": [
            "azurerm_network_security_group.nsg",
            "azurerm_resource_group.rg-con"
          ]
        },
        {
          "index_key": "region3",
          "schema_version": 0,
          "attributes": {
            "access": "Allow",
            "description": "",
            "destination_address_prefix": "*",
            "destination_address_prefixes": null,
            "destination_application_security_group_ids": null,
            "destination_port_range": "*",
            "destination_port_ranges": null,
            "direction": "Inbound",
            "id": "/subscriptions/b5effc5b-e366-4a91-8d78-89298bb79c8e/resourceGroups/rg-canadacentral-con/providers/Microsoft.Network/networkSecurityGroups/nag-canadacentral-conn/securityRules/AllowInternetInbound",
            "name": "AllowInternetInbound",
            "network_security_group_name": "nag-canadacentral-conn",
            "priority": 100,
            "protocol": "Tcp",
            "resource_group_name": "rg-canadacentral-con",
            "source_address_prefix": "*",
            "source_address_prefixes": null,
            "source_application_security_group_ids": null,
            "source_port_range": "*",
            "source_port_ranges": null,
            "timeouts": null
          },
          "sensitive_attributes": [],
          "private": "eyJlMmJmYjczMC1lY2FhLTExZTYtOGY4OC0zNDM2M2JjN2M0YzAiOnsiY3JlYXRlIjoxODAwMDAwMDAwMDAwLCJkZWxldGUiOjE4MDAwMDAwMDAwMDAsInJlYWQiOjMwMDAwMDAwMDAwMCwidXBkYXRlIjoxODAwMDAwMDAwMDAwfX0=",
          "dependencies": [
            "azurerm_network_security_group.nsg",
            "azurerm_resource_group.rg-con"
          ]
        }
      ]
    },
    {
      "mode": "managed",
      "type": "azurerm_public_ip",
      "name": "pip_cr_lb",
      "provider": "provider[\"registry.terraform.io/hashicorp/azurerm\"]",
      "instances": [
        {
          "schema_version": 0,
          "attributes": {
            "allocation_method": "Static",
            "ddos_protection_mode": "VirtualNetworkInherited",
            "ddos_protection_plan_id": null,
            "domain_name_label": "lb-global-ab1f8bc2",
            "edge_zone": "",
            "fqdn": "lb-global-ab1f8bc2.centralus.cloudapp.azure.com",
            "id": "/subscriptions/b5effc5b-e366-4a91-8d78-89298bb79c8e/resourceGroups/rg-centralus-con/providers/Microsoft.Network/publicIPAddresses/pip_cr_lb",
            "idle_timeout_in_minutes": 4,
            "ip_address": "4.150.168.212",
            "ip_tags": null,
            "ip_version": "IPv4",
            "location": "centralus",
            "name": "pip_cr_lb",
            "public_ip_prefix_id": null,
            "resource_group_name": "rg-centralus-con",
            "reverse_fqdn": "",
            "sku": "Standard",
            "sku_tier": "Global",
            "tags": null,
            "timeouts": null,
            "zones": null
          },
          "sensitive_attributes": [],
          "private": "eyJlMmJmYjczMC1lY2FhLTExZTYtOGY4OC0zNDM2M2JjN2M0YzAiOnsiY3JlYXRlIjoxODAwMDAwMDAwMDAwLCJkZWxldGUiOjE4MDAwMDAwMDAwMDAsInJlYWQiOjMwMDAwMDAwMDAwMCwidXBkYXRlIjoxODAwMDAwMDAwMDAwfX0=",
          "dependencies": [
            "azurerm_resource_group.rg-con",
            "random_id.dns-name"
          ]
        }
      ]
    },
    {
      "mode": "managed",
      "type": "azurerm_public_ip",
      "name": "pipr_lb",
      "provider": "provider[\"registry.terraform.io/hashicorp/azurerm\"]",
      "instances": [
        {
          "index_key": "region1",
          "schema_version": 0,
          "attributes": {
            "allocation_method": "Static",
            "ddos_protection_mode": "VirtualNetworkInherited",
            "ddos_protection_plan_id": null,
            "domain_name_label": "lb-centralus-ab1f8bc2",
            "edge_zone": "",
            "fqdn": "lb-centralus-ab1f8bc2.centralus.cloudapp.azure.com",
            "id": "/subscriptions/b5effc5b-e366-4a91-8d78-89298bb79c8e/resourceGroups/rg-centralus-con/providers/Microsoft.Network/publicIPAddresses/pip-centralus-lb",
            "idle_timeout_in_minutes": 4,
            "ip_address": "13.89.132.75",
            "ip_tags": null,
            "ip_version": "IPv4",
            "location": "centralus",
            "name": "pip-centralus-lb",
            "public_ip_prefix_id": null,
            "resource_group_name": "rg-centralus-con",
            "reverse_fqdn": "",
            "sku": "Standard",
            "sku_tier": "Regional",
            "tags": null,
            "timeouts": null,
            "zones": null
          },
          "sensitive_attributes": [],
          "private": "eyJlMmJmYjczMC1lY2FhLTExZTYtOGY4OC0zNDM2M2JjN2M0YzAiOnsiY3JlYXRlIjoxODAwMDAwMDAwMDAwLCJkZWxldGUiOjE4MDAwMDAwMDAwMDAsInJlYWQiOjMwMDAwMDAwMDAwMCwidXBkYXRlIjoxODAwMDAwMDAwMDAwfX0=",
          "dependencies": [
            "azurerm_resource_group.rg-con",
            "random_id.dns-name"
          ]
        },
        {
          "index_key": "region2",
          "schema_version": 0,
          "attributes": {
            "allocation_method": "Static",
            "ddos_protection_mode": "VirtualNetworkInherited",
            "ddos_protection_plan_id": null,
            "domain_name_label": "lb-eastus2-ab1f8bc2",
            "edge_zone": "",
            "fqdn": "lb-eastus2-ab1f8bc2.eastus2.cloudapp.azure.com",
            "id": "/subscriptions/b5effc5b-e366-4a91-8d78-89298bb79c8e/resourceGroups/rg-eastus2-con/providers/Microsoft.Network/publicIPAddresses/pip-eastus2-lb",
            "idle_timeout_in_minutes": 4,
            "ip_address": "52.254.9.34",
            "ip_tags": null,
            "ip_version": "IPv4",
            "location": "eastus2",
            "name": "pip-eastus2-lb",
            "public_ip_prefix_id": null,
            "resource_group_name": "rg-eastus2-con",
            "reverse_fqdn": "",
            "sku": "Standard",
            "sku_tier": "Regional",
            "tags": null,
            "timeouts": null,
            "zones": null
          },
          "sensitive_attributes": [],
          "private": "eyJlMmJmYjczMC1lY2FhLTExZTYtOGY4OC0zNDM2M2JjN2M0YzAiOnsiY3JlYXRlIjoxODAwMDAwMDAwMDAwLCJkZWxldGUiOjE4MDAwMDAwMDAwMDAsInJlYWQiOjMwMDAwMDAwMDAwMCwidXBkYXRlIjoxODAwMDAwMDAwMDAwfX0=",
          "dependencies": [
            "azurerm_resource_group.rg-con",
            "random_id.dns-name"
          ]
        },
        {
          "index_key": "region3",
          "schema_version": 0,
          "attributes": {
            "allocation_method": "Static",
            "ddos_protection_mode": "VirtualNetworkInherited",
            "ddos_protection_plan_id": null,
            "domain_name_label": "lb-canadacentral-ab1f8bc2",
            "edge_zone": "",
            "fqdn": "lb-canadacentral-ab1f8bc2.canadacentral.cloudapp.azure.com",
            "id": "/subscriptions/b5effc5b-e366-4a91-8d78-89298bb79c8e/resourceGroups/rg-canadacentral-con/providers/Microsoft.Network/publicIPAddresses/pip-canadacentral-lb",
            "idle_timeout_in_minutes": 4,
            "ip_address": "52.233.29.213",
            "ip_tags": null,
            "ip_version": "IPv4",
            "location": "canadacentral",
            "name": "pip-canadacentral-lb",
            "public_ip_prefix_id": null,
            "resource_group_name": "rg-canadacentral-con",
            "reverse_fqdn": "",
            "sku": "Standard",
            "sku_tier": "Regional",
            "tags": null,
            "timeouts": null,
            "zones": null
          },
          "sensitive_attributes": [],
          "private": "eyJlMmJmYjczMC1lY2FhLTExZTYtOGY4OC0zNDM2M2JjN2M0YzAiOnsiY3JlYXRlIjoxODAwMDAwMDAwMDAwLCJkZWxldGUiOjE4MDAwMDAwMDAwMDAsInJlYWQiOjMwMDAwMDAwMDAwMCwidXBkYXRlIjoxODAwMDAwMDAwMDAwfX0=",
          "dependencies": [
            "azurerm_resource_group.rg-con",
            "random_id.dns-name"
          ]
        }
      ]
    },
    {
      "mode": "managed",
      "type": "azurerm_resource_group",
      "name": "rg-con",
      "provider": "provider[\"registry.terraform.io/hashicorp/azurerm\"]",
      "instances": [
        {
          "index_key": "region1",
          "schema_version": 0,
          "attributes": {
            "id": "/subscriptions/b5effc5b-e366-4a91-8d78-89298bb79c8e/resourceGroups/rg-centralus-con",
            "location": "centralus",
            "managed_by": "",
            "name": "rg-centralus-con",
            "tags": null,
            "timeouts": null
          },
          "sensitive_attributes": [],
          "private": "eyJlMmJmYjczMC1lY2FhLTExZTYtOGY4OC0zNDM2M2JjN2M0YzAiOnsiY3JlYXRlIjo1NDAwMDAwMDAwMDAwLCJkZWxldGUiOjU0MDAwMDAwMDAwMDAsInJlYWQiOjMwMDAwMDAwMDAwMCwidXBkYXRlIjo1NDAwMDAwMDAwMDAwfX0="
        },
        {
          "index_key": "region2",
          "schema_version": 0,
          "attributes": {
            "id": "/subscriptions/b5effc5b-e366-4a91-8d78-89298bb79c8e/resourceGroups/rg-eastus2-con",
            "location": "eastus2",
            "managed_by": "",
            "name": "rg-eastus2-con",
            "tags": null,
            "timeouts": null
          },
          "sensitive_attributes": [],
          "private": "eyJlMmJmYjczMC1lY2FhLTExZTYtOGY4OC0zNDM2M2JjN2M0YzAiOnsiY3JlYXRlIjo1NDAwMDAwMDAwMDAwLCJkZWxldGUiOjU0MDAwMDAwMDAwMDAsInJlYWQiOjMwMDAwMDAwMDAwMCwidXBkYXRlIjo1NDAwMDAwMDAwMDAwfX0="
        },
        {
          "index_key": "region3",
          "schema_version": 0,
          "attributes": {
            "id": "/subscriptions/b5effc5b-e366-4a91-8d78-89298bb79c8e/resourceGroups/rg-canadacentral-con",
            "location": "canadacentral",
            "managed_by": "",
            "name": "rg-canadacentral-con",
            "tags": null,
            "timeouts": null
          },
          "sensitive_attributes": [],
          "private": "eyJlMmJmYjczMC1lY2FhLTExZTYtOGY4OC0zNDM2M2JjN2M0YzAiOnsiY3JlYXRlIjo1NDAwMDAwMDAwMDAwLCJkZWxldGUiOjU0MDAwMDAwMDAwMDAsInJlYWQiOjMwMDAwMDAwMDAwMCwidXBkYXRlIjo1NDAwMDAwMDAwMDAwfX0="
        }
      ]
    },
    {
      "mode": "managed",
      "type": "azurerm_resource_group",
      "name": "rg-host",
      "provider": "provider[\"registry.terraform.io/hashicorp/azurerm\"]",
      "instances": [
        {
          "index_key": "region1",
          "schema_version": 0,
          "attributes": {
            "id": "/subscriptions/b5effc5b-e366-4a91-8d78-89298bb79c8e/resourceGroups/rg-centralus-host",
            "location": "centralus",
            "managed_by": "",
            "name": "rg-centralus-host",
            "tags": null,
            "timeouts": null
          },
          "sensitive_attributes": [],
          "private": "eyJlMmJmYjczMC1lY2FhLTExZTYtOGY4OC0zNDM2M2JjN2M0YzAiOnsiY3JlYXRlIjo1NDAwMDAwMDAwMDAwLCJkZWxldGUiOjU0MDAwMDAwMDAwMDAsInJlYWQiOjMwMDAwMDAwMDAwMCwidXBkYXRlIjo1NDAwMDAwMDAwMDAwfX0="
        },
        {
          "index_key": "region2",
          "schema_version": 0,
          "attributes": {
            "id": "/subscriptions/b5effc5b-e366-4a91-8d78-89298bb79c8e/resourceGroups/rg-eastus2-host",
            "location": "eastus2",
            "managed_by": "",
            "name": "rg-eastus2-host",
            "tags": null,
            "timeouts": null
          },
          "sensitive_attributes": [],
          "private": "eyJlMmJmYjczMC1lY2FhLTExZTYtOGY4OC0zNDM2M2JjN2M0YzAiOnsiY3JlYXRlIjo1NDAwMDAwMDAwMDAwLCJkZWxldGUiOjU0MDAwMDAwMDAwMDAsInJlYWQiOjMwMDAwMDAwMDAwMCwidXBkYXRlIjo1NDAwMDAwMDAwMDAwfX0="
        },
        {
          "index_key": "region3",
          "schema_version": 0,
          "attributes": {
            "id": "/subscriptions/b5effc5b-e366-4a91-8d78-89298bb79c8e/resourceGroups/rg-canadacentral-host",
            "location": "canadacentral",
            "managed_by": "",
            "name": "rg-canadacentral-host",
            "tags": null,
            "timeouts": null
          },
          "sensitive_attributes": [],
          "private": "eyJlMmJmYjczMC1lY2FhLTExZTYtOGY4OC0zNDM2M2JjN2M0YzAiOnsiY3JlYXRlIjo1NDAwMDAwMDAwMDAwLCJkZWxldGUiOjU0MDAwMDAwMDAwMDAsInJlYWQiOjMwMDAwMDAwMDAwMCwidXBkYXRlIjo1NDAwMDAwMDAwMDAwfX0="
        }
      ]
    },
    {
      "mode": "managed",
      "type": "azurerm_resource_group",
      "name": "rg-sec",
      "provider": "provider[\"registry.terraform.io/hashicorp/azurerm\"]",
      "instances": [
        {
          "schema_version": 0,
          "attributes": {
            "id": "/subscriptions/b5effc5b-e366-4a91-8d78-89298bb79c8e/resourceGroups/rg-centralus-sec",
            "location": "centralus",
            "managed_by": "",
            "name": "rg-centralus-sec",
            "tags": null,
            "timeouts": null
          },
          "sensitive_attributes": [],
          "private": "eyJlMmJmYjczMC1lY2FhLTExZTYtOGY4OC0zNDM2M2JjN2M0YzAiOnsiY3JlYXRlIjo1NDAwMDAwMDAwMDAwLCJkZWxldGUiOjU0MDAwMDAwMDAwMDAsInJlYWQiOjMwMDAwMDAwMDAwMCwidXBkYXRlIjo1NDAwMDAwMDAwMDAwfX0="
        }
      ]
    },
    {
      "mode": "managed",
      "type": "azurerm_subnet",
      "name": "subnet_conn",
      "provider": "provider[\"registry.terraform.io/hashicorp/azurerm\"]",
      "instances": [
        {
          "index_key": "region1",
          "schema_version": 0,
          "attributes": {
            "address_prefixes": [
              "10.10.0.0/23"
            ],
            "delegation": [],
            "enforce_private_link_endpoint_network_policies": false,
            "enforce_private_link_service_network_policies": false,
            "id": "/subscriptions/b5effc5b-e366-4a91-8d78-89298bb79c8e/resourceGroups/rg-centralus-con/providers/Microsoft.Network/virtualNetworks/vnet-centralus-conn/subnets/subnet-centralus-conn",
            "name": "subnet-centralus-conn",
            "private_endpoint_network_policies_enabled": true,
            "private_link_service_network_policies_enabled": true,
            "resource_group_name": "rg-centralus-con",
            "service_endpoint_policy_ids": null,
            "service_endpoints": null,
            "timeouts": null,
            "virtual_network_name": "vnet-centralus-conn"
          },
          "sensitive_attributes": [],
          "private": "eyJlMmJmYjczMC1lY2FhLTExZTYtOGY4OC0zNDM2M2JjN2M0YzAiOnsiY3JlYXRlIjoxODAwMDAwMDAwMDAwLCJkZWxldGUiOjE4MDAwMDAwMDAwMDAsInJlYWQiOjMwMDAwMDAwMDAwMCwidXBkYXRlIjoxODAwMDAwMDAwMDAwfX0=",
          "dependencies": [
            "azurerm_resource_group.rg-con",
            "azurerm_virtual_network.vnet_conn"
          ]
        },
        {
          "index_key": "region2",
          "schema_version": 0,
          "attributes": {
            "address_prefixes": [
              "10.20.0.0/23"
            ],
            "delegation": [],
            "enforce_private_link_endpoint_network_policies": false,
            "enforce_private_link_service_network_policies": false,
            "id": "/subscriptions/b5effc5b-e366-4a91-8d78-89298bb79c8e/resourceGroups/rg-eastus2-con/providers/Microsoft.Network/virtualNetworks/vnet-eastus2-conn/subnets/subnet-eastus2-conn",
            "name": "subnet-eastus2-conn",
            "private_endpoint_network_policies_enabled": true,
            "private_link_service_network_policies_enabled": true,
            "resource_group_name": "rg-eastus2-con",
            "service_endpoint_policy_ids": null,
            "service_endpoints": null,
            "timeouts": null,
            "virtual_network_name": "vnet-eastus2-conn"
          },
          "sensitive_attributes": [],
          "private": "eyJlMmJmYjczMC1lY2FhLTExZTYtOGY4OC0zNDM2M2JjN2M0YzAiOnsiY3JlYXRlIjoxODAwMDAwMDAwMDAwLCJkZWxldGUiOjE4MDAwMDAwMDAwMDAsInJlYWQiOjMwMDAwMDAwMDAwMCwidXBkYXRlIjoxODAwMDAwMDAwMDAwfX0=",
          "dependencies": [
            "azurerm_resource_group.rg-con",
            "azurerm_virtual_network.vnet_conn"
          ]
        },
        {
          "index_key": "region3",
          "schema_version": 0,
          "attributes": {
            "address_prefixes": [
              "10.30.0.0/23"
            ],
            "delegation": [],
            "enforce_private_link_endpoint_network_policies": false,
            "enforce_private_link_service_network_policies": false,
            "id": "/subscriptions/b5effc5b-e366-4a91-8d78-89298bb79c8e/resourceGroups/rg-canadacentral-con/providers/Microsoft.Network/virtualNetworks/vnet-canadacentral-conn/subnets/subnet-canadacentral-conn",
            "name": "subnet-canadacentral-conn",
            "private_endpoint_network_policies_enabled": true,
            "private_link_service_network_policies_enabled": true,
            "resource_group_name": "rg-canadacentral-con",
            "service_endpoint_policy_ids": null,
            "service_endpoints": null,
            "timeouts": null,
            "virtual_network_name": "vnet-canadacentral-conn"
          },
          "sensitive_attributes": [],
          "private": "eyJlMmJmYjczMC1lY2FhLTExZTYtOGY4OC0zNDM2M2JjN2M0YzAiOnsiY3JlYXRlIjoxODAwMDAwMDAwMDAwLCJkZWxldGUiOjE4MDAwMDAwMDAwMDAsInJlYWQiOjMwMDAwMDAwMDAwMCwidXBkYXRlIjoxODAwMDAwMDAwMDAwfX0=",
          "dependencies": [
            "azurerm_resource_group.rg-con",
            "azurerm_virtual_network.vnet_conn"
          ]
        }
      ]
    },
    {
      "mode": "managed",
      "type": "azurerm_subnet_network_security_group_association",
      "name": "nsg-assocation",
      "provider": "provider[\"registry.terraform.io/hashicorp/azurerm\"]",
      "instances": [
        {
          "index_key": "region1",
          "schema_version": 0,
          "attributes": {
            "id": "/subscriptions/b5effc5b-e366-4a91-8d78-89298bb79c8e/resourceGroups/rg-centralus-con/providers/Microsoft.Network/virtualNetworks/vnet-centralus-conn/subnets/subnet-centralus-conn",
            "network_security_group_id": "/subscriptions/b5effc5b-e366-4a91-8d78-89298bb79c8e/resourceGroups/rg-centralus-con/providers/Microsoft.Network/networkSecurityGroups/nag-centralus-conn",
            "subnet_id": "/subscriptions/b5effc5b-e366-4a91-8d78-89298bb79c8e/resourceGroups/rg-centralus-con/providers/Microsoft.Network/virtualNetworks/vnet-centralus-conn/subnets/subnet-centralus-conn",
            "timeouts": null
          },
          "sensitive_attributes": [],
          "private": "eyJlMmJmYjczMC1lY2FhLTExZTYtOGY4OC0zNDM2M2JjN2M0YzAiOnsiY3JlYXRlIjoxODAwMDAwMDAwMDAwLCJkZWxldGUiOjE4MDAwMDAwMDAwMDAsInJlYWQiOjMwMDAwMDAwMDAwMH19",
          "dependencies": [
            "azurerm_network_security_group.nsg",
            "azurerm_resource_group.rg-con",
            "azurerm_subnet.subnet_conn",
            "azurerm_virtual_network.vnet_conn"
          ]
        },
        {
          "index_key": "region2",
          "schema_version": 0,
          "attributes": {
            "id": "/subscriptions/b5effc5b-e366-4a91-8d78-89298bb79c8e/resourceGroups/rg-eastus2-con/providers/Microsoft.Network/virtualNetworks/vnet-eastus2-conn/subnets/subnet-eastus2-conn",
            "network_security_group_id": "/subscriptions/b5effc5b-e366-4a91-8d78-89298bb79c8e/resourceGroups/rg-eastus2-con/providers/Microsoft.Network/networkSecurityGroups/nag-eastus2-conn",
            "subnet_id": "/subscriptions/b5effc5b-e366-4a91-8d78-89298bb79c8e/resourceGroups/rg-eastus2-con/providers/Microsoft.Network/virtualNetworks/vnet-eastus2-conn/subnets/subnet-eastus2-conn",
            "timeouts": null
          },
          "sensitive_attributes": [],
          "private": "eyJlMmJmYjczMC1lY2FhLTExZTYtOGY4OC0zNDM2M2JjN2M0YzAiOnsiY3JlYXRlIjoxODAwMDAwMDAwMDAwLCJkZWxldGUiOjE4MDAwMDAwMDAwMDAsInJlYWQiOjMwMDAwMDAwMDAwMH19",
          "dependencies": [
            "azurerm_network_security_group.nsg",
            "azurerm_resource_group.rg-con",
            "azurerm_subnet.subnet_conn",
            "azurerm_virtual_network.vnet_conn"
          ]
        },
        {
          "index_key": "region3",
          "schema_version": 0,
          "attributes": {
            "id": "/subscriptions/b5effc5b-e366-4a91-8d78-89298bb79c8e/resourceGroups/rg-canadacentral-con/providers/Microsoft.Network/virtualNetworks/vnet-canadacentral-conn/subnets/subnet-canadacentral-conn",
            "network_security_group_id": "/subscriptions/b5effc5b-e366-4a91-8d78-89298bb79c8e/resourceGroups/rg-canadacentral-con/providers/Microsoft.Network/networkSecurityGroups/nag-canadacentral-conn",
            "subnet_id": "/subscriptions/b5effc5b-e366-4a91-8d78-89298bb79c8e/resourceGroups/rg-canadacentral-con/providers/Microsoft.Network/virtualNetworks/vnet-canadacentral-conn/subnets/subnet-canadacentral-conn",
            "timeouts": null
          },
          "sensitive_attributes": [],
          "private": "eyJlMmJmYjczMC1lY2FhLTExZTYtOGY4OC0zNDM2M2JjN2M0YzAiOnsiY3JlYXRlIjoxODAwMDAwMDAwMDAwLCJkZWxldGUiOjE4MDAwMDAwMDAwMDAsInJlYWQiOjMwMDAwMDAwMDAwMH19",
          "dependencies": [
            "azurerm_network_security_group.nsg",
            "azurerm_resource_group.rg-con",
            "azurerm_subnet.subnet_conn",
            "azurerm_virtual_network.vnet_conn"
          ]
        }
      ]
    },
    {
      "mode": "managed",
      "type": "azurerm_virtual_machine_extension",
      "name": "vmsetup",
      "provider": "provider[\"registry.terraform.io/hashicorp/azurerm\"]",
      "instances": [
        {
          "index_key": "region1",
          "schema_version": 0,
          "attributes": {
            "auto_upgrade_minor_version": false,
            "automatic_upgrade_enabled": false,
            "failure_suppression_enabled": false,
            "id": "/subscriptions/b5effc5b-e366-4a91-8d78-89298bb79c8e/resourceGroups/rg-centralus-host/providers/Microsoft.Compute/virtualMachines/vmcentralus/extensions/cse-centralus-01",
            "name": "cse-centralus-01",
            "protected_settings": "    {\n      \"commandToExecute\": \"powershell.exe -Command \\\"./webserver_VMSetup.ps1; exit 0;\\\"\"\n    }\n",
            "protected_settings_from_key_vault": [],
            "provision_after_extensions": null,
            "publisher": "Microsoft.Compute",
            "settings": "{\"fileUris\":[\"https://raw.githubusercontent.com/jakewalsh90/Terraform-Azure/main/PowerShell/webserver_VMSetup.ps1\"]}",
            "tags": null,
            "timeouts": null,
            "type": "CustomScriptExtension",
            "type_handler_version": "1.9",
            "virtual_machine_id": "/subscriptions/b5effc5b-e366-4a91-8d78-89298bb79c8e/resourceGroups/rg-centralus-host/providers/Microsoft.Compute/virtualMachines/vmcentralus"
          },
          "sensitive_attributes": [
            [
              {
                "type": "get_attr",
                "value": "protected_settings"
              }
            ]
          ],
          "private": "eyJlMmJmYjczMC1lY2FhLTExZTYtOGY4OC0zNDM2M2JjN2M0YzAiOnsiY3JlYXRlIjoxODAwMDAwMDAwMDAwLCJkZWxldGUiOjE4MDAwMDAwMDAwMDAsInJlYWQiOjMwMDAwMDAwMDAwMCwidXBkYXRlIjoxODAwMDAwMDAwMDAwfX0=",
          "dependencies": [
            "azurerm_key_vault.kv1",
            "azurerm_key_vault_secret.vmpassword",
            "azurerm_network_interface.nic_host",
            "azurerm_resource_group.rg-con",
            "azurerm_resource_group.rg-host",
            "azurerm_resource_group.rg-sec",
            "azurerm_subnet.subnet_conn",
            "azurerm_virtual_network.vnet_conn",
            "azurerm_windows_virtual_machine.vms",
            "data.azurerm_client_config.current",
            "random_id.kv_name",
            "random_password.vmpassword"
          ]
        },
        {
          "index_key": "region2",
          "schema_version": 0,
          "attributes": {
            "auto_upgrade_minor_version": false,
            "automatic_upgrade_enabled": false,
            "failure_suppression_enabled": false,
            "id": "/subscriptions/b5effc5b-e366-4a91-8d78-89298bb79c8e/resourceGroups/rg-eastus2-host/providers/Microsoft.Compute/virtualMachines/vmeastus2/extensions/cse-eastus2-01",
            "name": "cse-eastus2-01",
            "protected_settings": "    {\n      \"commandToExecute\": \"powershell.exe -Command \\\"./webserver_VMSetup.ps1; exit 0;\\\"\"\n    }\n",
            "protected_settings_from_key_vault": [],
            "provision_after_extensions": null,
            "publisher": "Microsoft.Compute",
            "settings": "{\"fileUris\":[\"https://raw.githubusercontent.com/jakewalsh90/Terraform-Azure/main/PowerShell/webserver_VMSetup.ps1\"]}",
            "tags": null,
            "timeouts": null,
            "type": "CustomScriptExtension",
            "type_handler_version": "1.9",
            "virtual_machine_id": "/subscriptions/b5effc5b-e366-4a91-8d78-89298bb79c8e/resourceGroups/rg-eastus2-host/providers/Microsoft.Compute/virtualMachines/vmeastus2"
          },
          "sensitive_attributes": [
            [
              {
                "type": "get_attr",
                "value": "protected_settings"
              }
            ]
          ],
          "private": "eyJlMmJmYjczMC1lY2FhLTExZTYtOGY4OC0zNDM2M2JjN2M0YzAiOnsiY3JlYXRlIjoxODAwMDAwMDAwMDAwLCJkZWxldGUiOjE4MDAwMDAwMDAwMDAsInJlYWQiOjMwMDAwMDAwMDAwMCwidXBkYXRlIjoxODAwMDAwMDAwMDAwfX0=",
          "dependencies": [
            "azurerm_key_vault.kv1",
            "azurerm_key_vault_secret.vmpassword",
            "azurerm_network_interface.nic_host",
            "azurerm_resource_group.rg-con",
            "azurerm_resource_group.rg-host",
            "azurerm_resource_group.rg-sec",
            "azurerm_subnet.subnet_conn",
            "azurerm_virtual_network.vnet_conn",
            "azurerm_windows_virtual_machine.vms",
            "data.azurerm_client_config.current",
            "random_id.kv_name",
            "random_password.vmpassword"
          ]
        },
        {
          "index_key": "region3",
          "schema_version": 0,
          "attributes": {
            "auto_upgrade_minor_version": false,
            "automatic_upgrade_enabled": false,
            "failure_suppression_enabled": false,
            "id": "/subscriptions/b5effc5b-e366-4a91-8d78-89298bb79c8e/resourceGroups/rg-canadacentral-host/providers/Microsoft.Compute/virtualMachines/vmcanadacentral/extensions/cse-canadacentral-01",
            "name": "cse-canadacentral-01",
            "protected_settings": "    {\n      \"commandToExecute\": \"powershell.exe -Command \\\"./webserver_VMSetup.ps1; exit 0;\\\"\"\n    }\n",
            "protected_settings_from_key_vault": [],
            "provision_after_extensions": null,
            "publisher": "Microsoft.Compute",
            "settings": "{\"fileUris\":[\"https://raw.githubusercontent.com/jakewalsh90/Terraform-Azure/main/PowerShell/webserver_VMSetup.ps1\"]}",
            "tags": null,
            "timeouts": null,
            "type": "CustomScriptExtension",
            "type_handler_version": "1.9",
            "virtual_machine_id": "/subscriptions/b5effc5b-e366-4a91-8d78-89298bb79c8e/resourceGroups/rg-canadacentral-host/providers/Microsoft.Compute/virtualMachines/vmcanadacentral"
          },
          "sensitive_attributes": [
            [
              {
                "type": "get_attr",
                "value": "protected_settings"
              }
            ]
          ],
          "private": "eyJlMmJmYjczMC1lY2FhLTExZTYtOGY4OC0zNDM2M2JjN2M0YzAiOnsiY3JlYXRlIjoxODAwMDAwMDAwMDAwLCJkZWxldGUiOjE4MDAwMDAwMDAwMDAsInJlYWQiOjMwMDAwMDAwMDAwMCwidXBkYXRlIjoxODAwMDAwMDAwMDAwfX0=",
          "dependencies": [
            "azurerm_key_vault.kv1",
            "azurerm_key_vault_secret.vmpassword",
            "azurerm_network_interface.nic_host",
            "azurerm_resource_group.rg-con",
            "azurerm_resource_group.rg-host",
            "azurerm_resource_group.rg-sec",
            "azurerm_subnet.subnet_conn",
            "azurerm_virtual_network.vnet_conn",
            "azurerm_windows_virtual_machine.vms",
            "data.azurerm_client_config.current",
            "random_id.kv_name",
            "random_password.vmpassword"
          ]
        }
      ]
    },
    {
      "mode": "managed",
      "type": "azurerm_virtual_network",
      "name": "vnet_conn",
      "provider": "provider[\"registry.terraform.io/hashicorp/azurerm\"]",
      "instances": [
        {
          "index_key": "region1",
          "schema_version": 0,
          "attributes": {
            "address_space": [
              "10.10.0.0/21"
            ],
            "bgp_community": "",
            "ddos_protection_plan": [],
            "dns_servers": [],
            "edge_zone": "",
            "encryption": [],
            "flow_timeout_in_minutes": 0,
            "guid": "4bc2fa51-8837-4ef2-83a2-17d026d95fad",
            "id": "/subscriptions/b5effc5b-e366-4a91-8d78-89298bb79c8e/resourceGroups/rg-centralus-con/providers/Microsoft.Network/virtualNetworks/vnet-centralus-conn",
            "location": "centralus",
            "name": "vnet-centralus-conn",
            "resource_group_name": "rg-centralus-con",
            "subnet": [],
            "tags": null,
            "timeouts": null
          },
          "sensitive_attributes": [],
          "private": "eyJlMmJmYjczMC1lY2FhLTExZTYtOGY4OC0zNDM2M2JjN2M0YzAiOnsiY3JlYXRlIjoxODAwMDAwMDAwMDAwLCJkZWxldGUiOjE4MDAwMDAwMDAwMDAsInJlYWQiOjMwMDAwMDAwMDAwMCwidXBkYXRlIjoxODAwMDAwMDAwMDAwfX0=",
          "dependencies": [
            "azurerm_resource_group.rg-con"
          ]
        },
        {
          "index_key": "region2",
          "schema_version": 0,
          "attributes": {
            "address_space": [
              "10.20.0.0/21"
            ],
            "bgp_community": "",
            "ddos_protection_plan": [],
            "dns_servers": [],
            "edge_zone": "",
            "encryption": [],
            "flow_timeout_in_minutes": 0,
            "guid": "7ba2d8ca-6c56-4c6a-8add-3f9f8cdff2f1",
            "id": "/subscriptions/b5effc5b-e366-4a91-8d78-89298bb79c8e/resourceGroups/rg-eastus2-con/providers/Microsoft.Network/virtualNetworks/vnet-eastus2-conn",
            "location": "eastus2",
            "name": "vnet-eastus2-conn",
            "resource_group_name": "rg-eastus2-con",
            "subnet": [],
            "tags": null,
            "timeouts": null
          },
          "sensitive_attributes": [],
          "private": "eyJlMmJmYjczMC1lY2FhLTExZTYtOGY4OC0zNDM2M2JjN2M0YzAiOnsiY3JlYXRlIjoxODAwMDAwMDAwMDAwLCJkZWxldGUiOjE4MDAwMDAwMDAwMDAsInJlYWQiOjMwMDAwMDAwMDAwMCwidXBkYXRlIjoxODAwMDAwMDAwMDAwfX0=",
          "dependencies": [
            "azurerm_resource_group.rg-con"
          ]
        },
        {
          "index_key": "region3",
          "schema_version": 0,
          "attributes": {
            "address_space": [
              "10.30.0.0/21"
            ],
            "bgp_community": "",
            "ddos_protection_plan": [],
            "dns_servers": [],
            "edge_zone": "",
            "encryption": [],
            "flow_timeout_in_minutes": 0,
            "guid": "344e12dc-75fb-4fe8-bde9-2af647078eb1",
            "id": "/subscriptions/b5effc5b-e366-4a91-8d78-89298bb79c8e/resourceGroups/rg-canadacentral-con/providers/Microsoft.Network/virtualNetworks/vnet-canadacentral-conn",
            "location": "canadacentral",
            "name": "vnet-canadacentral-conn",
            "resource_group_name": "rg-canadacentral-con",
            "subnet": [],
            "tags": null,
            "timeouts": null
          },
          "sensitive_attributes": [],
          "private": "eyJlMmJmYjczMC1lY2FhLTExZTYtOGY4OC0zNDM2M2JjN2M0YzAiOnsiY3JlYXRlIjoxODAwMDAwMDAwMDAwLCJkZWxldGUiOjE4MDAwMDAwMDAwMDAsInJlYWQiOjMwMDAwMDAwMDAwMCwidXBkYXRlIjoxODAwMDAwMDAwMDAwfX0=",
          "dependencies": [
            "azurerm_resource_group.rg-con"
          ]
        }
      ]
    },
    {
      "mode": "managed",
      "type": "azurerm_windows_virtual_machine",
      "name": "vms",
      "provider": "provider[\"registry.terraform.io/hashicorp/azurerm\"]",
      "instances": [
        {
          "index_key": "region1",
          "schema_version": 0,
          "attributes": {
            "additional_capabilities": [],
            "additional_unattend_content": [],
            "admin_password": "jjxP%}fXSP[}mingo{bU",
            "admin_username": "azureadmin",
            "allow_extension_operations": true,
            "availability_set_id": "",
            "boot_diagnostics": [],
            "bypass_platform_safety_checks_on_user_schedule_enabled": false,
            "capacity_reservation_group_id": "",
            "computer_name": "vmcentralus",
            "custom_data": null,
            "dedicated_host_group_id": "",
            "dedicated_host_id": "",
            "disk_controller_type": "",
            "edge_zone": "",
            "enable_automatic_updates": true,
            "encryption_at_host_enabled": false,
            "eviction_policy": "",
            "extensions_time_budget": "PT1H30M",
            "gallery_application": [],
            "hotpatching_enabled": false,
            "id": "/subscriptions/b5effc5b-e366-4a91-8d78-89298bb79c8e/resourceGroups/rg-centralus-host/providers/Microsoft.Compute/virtualMachines/vmcentralus",
            "identity": [],
            "license_type": "",
            "location": "centralus",
            "max_bid_price": -1,
            "name": "vmcentralus",
            "network_interface_ids": [
              "/subscriptions/b5effc5b-e366-4a91-8d78-89298bb79c8e/resourceGroups/rg-centralus-host/providers/Microsoft.Network/networkInterfaces/nic-centralus-host"
            ],
            "os_disk": [
              {
                "caching": "ReadWrite",
                "diff_disk_settings": [],
                "disk_encryption_set_id": "",
                "disk_size_gb": 127,
                "name": "vmcentralus_disk1_9b3475e2e22c4e21872dfa1b13ea307f",
                "secure_vm_disk_encryption_set_id": "",
                "security_encryption_type": "",
                "storage_account_type": "StandardSSD_LRS",
                "write_accelerator_enabled": false
              }
            ],
            "os_image_notification": [],
            "patch_assessment_mode": "ImageDefault",
            "patch_mode": "AutomaticByOS",
            "plan": [],
            "platform_fault_domain": -1,
            "priority": "Regular",
            "private_ip_address": "10.10.0.4",
            "private_ip_addresses": [
              "10.10.0.4"
            ],
            "provision_vm_agent": true,
            "proximity_placement_group_id": "",
            "public_ip_address": "",
            "public_ip_addresses": [],
            "reboot_setting": "",
            "resource_group_name": "rg-centralus-host",
            "secret": [],
            "secure_boot_enabled": false,
            "size": "Standard_B4ms",
            "source_image_id": "",
            "source_image_reference": [
              {
                "offer": "WindowsServer",
                "publisher": "MicrosoftWindowsServer",
                "sku": "2022-Datacenter",
                "version": "latest"
              }
            ],
            "tags": null,
            "termination_notification": null,
            "timeouts": null,
            "timezone": "",
            "user_data": "",
            "virtual_machine_id": "4239a4fd-d61d-40b4-abd6-b42f0332e5df",
            "virtual_machine_scale_set_id": "",
            "vm_agent_platform_updates_enabled": false,
            "vtpm_enabled": false,
            "winrm_listener": [],
            "zone": ""
          },
          "sensitive_attributes": [
            [
              {
                "type": "get_attr",
                "value": "admin_password"
              }
            ],
            [
              {
                "type": "get_attr",
                "value": "custom_data"
              }
            ]
          ],
          "private": "eyJlMmJmYjczMC1lY2FhLTExZTYtOGY4OC0zNDM2M2JjN2M0YzAiOnsiY3JlYXRlIjoyNzAwMDAwMDAwMDAwLCJkZWxldGUiOjI3MDAwMDAwMDAwMDAsInJlYWQiOjMwMDAwMDAwMDAwMCwidXBkYXRlIjoyNzAwMDAwMDAwMDAwfX0=",
          "dependencies": [
            "azurerm_key_vault.kv1",
            "azurerm_key_vault_secret.vmpassword",
            "azurerm_network_interface.nic_host",
            "azurerm_resource_group.rg-con",
            "azurerm_resource_group.rg-host",
            "azurerm_resource_group.rg-sec",
            "azurerm_subnet.subnet_conn",
            "azurerm_virtual_network.vnet_conn",
            "data.azurerm_client_config.current",
            "random_id.kv_name",
            "random_password.vmpassword"
          ]
        },
        {
          "index_key": "region2",
          "schema_version": 0,
          "attributes": {
            "additional_capabilities": [],
            "additional_unattend_content": [],
            "admin_password": "jjxP%}fXSP[}mingo{bU",
            "admin_username": "azureadmin",
            "allow_extension_operations": true,
            "availability_set_id": "",
            "boot_diagnostics": [],
            "bypass_platform_safety_checks_on_user_schedule_enabled": false,
            "capacity_reservation_group_id": "",
            "computer_name": "vmeastus2",
            "custom_data": null,
            "dedicated_host_group_id": "",
            "dedicated_host_id": "",
            "disk_controller_type": "",
            "edge_zone": "",
            "enable_automatic_updates": true,
            "encryption_at_host_enabled": false,
            "eviction_policy": "",
            "extensions_time_budget": "PT1H30M",
            "gallery_application": [],
            "hotpatching_enabled": false,
            "id": "/subscriptions/b5effc5b-e366-4a91-8d78-89298bb79c8e/resourceGroups/rg-eastus2-host/providers/Microsoft.Compute/virtualMachines/vmeastus2",
            "identity": [],
            "license_type": "",
            "location": "eastus2",
            "max_bid_price": -1,
            "name": "vmeastus2",
            "network_interface_ids": [
              "/subscriptions/b5effc5b-e366-4a91-8d78-89298bb79c8e/resourceGroups/rg-eastus2-host/providers/Microsoft.Network/networkInterfaces/nic-eastus2-host"
            ],
            "os_disk": [
              {
                "caching": "ReadWrite",
                "diff_disk_settings": [],
                "disk_encryption_set_id": "",
                "disk_size_gb": 127,
                "name": "vmeastus2_disk1_2beb381d265e4e35b356674f321370b3",
                "secure_vm_disk_encryption_set_id": "",
                "security_encryption_type": "",
                "storage_account_type": "StandardSSD_LRS",
                "write_accelerator_enabled": false
              }
            ],
            "os_image_notification": [],
            "patch_assessment_mode": "ImageDefault",
            "patch_mode": "AutomaticByOS",
            "plan": [],
            "platform_fault_domain": -1,
            "priority": "Regular",
            "private_ip_address": "10.20.0.4",
            "private_ip_addresses": [
              "10.20.0.4"
            ],
            "provision_vm_agent": true,
            "proximity_placement_group_id": "",
            "public_ip_address": "",
            "public_ip_addresses": [],
            "reboot_setting": "",
            "resource_group_name": "rg-eastus2-host",
            "secret": [],
            "secure_boot_enabled": false,
            "size": "Standard_B4ms",
            "source_image_id": "",
            "source_image_reference": [
              {
                "offer": "WindowsServer",
                "publisher": "MicrosoftWindowsServer",
                "sku": "2022-Datacenter",
                "version": "latest"
              }
            ],
            "tags": null,
            "termination_notification": null,
            "timeouts": null,
            "timezone": "",
            "user_data": "",
            "virtual_machine_id": "6ca9cf65-c656-48e0-840b-38d559c45c87",
            "virtual_machine_scale_set_id": "",
            "vm_agent_platform_updates_enabled": false,
            "vtpm_enabled": false,
            "winrm_listener": [],
            "zone": ""
          },
          "sensitive_attributes": [
            [
              {
                "type": "get_attr",
                "value": "admin_password"
              }
            ],
            [
              {
                "type": "get_attr",
                "value": "custom_data"
              }
            ]
          ],
          "private": "eyJlMmJmYjczMC1lY2FhLTExZTYtOGY4OC0zNDM2M2JjN2M0YzAiOnsiY3JlYXRlIjoyNzAwMDAwMDAwMDAwLCJkZWxldGUiOjI3MDAwMDAwMDAwMDAsInJlYWQiOjMwMDAwMDAwMDAwMCwidXBkYXRlIjoyNzAwMDAwMDAwMDAwfX0=",
          "dependencies": [
            "azurerm_key_vault.kv1",
            "azurerm_key_vault_secret.vmpassword",
            "azurerm_network_interface.nic_host",
            "azurerm_resource_group.rg-con",
            "azurerm_resource_group.rg-host",
            "azurerm_resource_group.rg-sec",
            "azurerm_subnet.subnet_conn",
            "azurerm_virtual_network.vnet_conn",
            "data.azurerm_client_config.current",
            "random_id.kv_name",
            "random_password.vmpassword"
          ]
        },
        {
          "index_key": "region3",
          "schema_version": 0,
          "attributes": {
            "additional_capabilities": [],
            "additional_unattend_content": [],
            "admin_password": "jjxP%}fXSP[}mingo{bU",
            "admin_username": "azureadmin",
            "allow_extension_operations": true,
            "availability_set_id": "",
            "boot_diagnostics": [],
            "bypass_platform_safety_checks_on_user_schedule_enabled": false,
            "capacity_reservation_group_id": "",
            "computer_name": "vmcanadacentral",
            "custom_data": null,
            "dedicated_host_group_id": "",
            "dedicated_host_id": "",
            "disk_controller_type": "",
            "edge_zone": "",
            "enable_automatic_updates": true,
            "encryption_at_host_enabled": false,
            "eviction_policy": "",
            "extensions_time_budget": "PT1H30M",
            "gallery_application": [],
            "hotpatching_enabled": false,
            "id": "/subscriptions/b5effc5b-e366-4a91-8d78-89298bb79c8e/resourceGroups/rg-canadacentral-host/providers/Microsoft.Compute/virtualMachines/vmcanadacentral",
            "identity": [],
            "license_type": "",
            "location": "canadacentral",
            "max_bid_price": -1,
            "name": "vmcanadacentral",
            "network_interface_ids": [
              "/subscriptions/b5effc5b-e366-4a91-8d78-89298bb79c8e/resourceGroups/rg-canadacentral-host/providers/Microsoft.Network/networkInterfaces/nic-canadacentral-host"
            ],
            "os_disk": [
              {
                "caching": "ReadWrite",
                "diff_disk_settings": [],
                "disk_encryption_set_id": "",
                "disk_size_gb": 127,
                "name": "vmcanadacentral_disk1_81cb18e946e443b7a09d9da58aa79b7c",
                "secure_vm_disk_encryption_set_id": "",
                "security_encryption_type": "",
                "storage_account_type": "StandardSSD_LRS",
                "write_accelerator_enabled": false
              }
            ],
            "os_image_notification": [],
            "patch_assessment_mode": "ImageDefault",
            "patch_mode": "AutomaticByOS",
            "plan": [],
            "platform_fault_domain": -1,
            "priority": "Regular",
            "private_ip_address": "10.30.0.4",
            "private_ip_addresses": [
              "10.30.0.4"
            ],
            "provision_vm_agent": true,
            "proximity_placement_group_id": "",
            "public_ip_address": "",
            "public_ip_addresses": [],
            "reboot_setting": "",
            "resource_group_name": "rg-canadacentral-host",
            "secret": [],
            "secure_boot_enabled": false,
            "size": "Standard_B4ms",
            "source_image_id": "",
            "source_image_reference": [
              {
                "offer": "WindowsServer",
                "publisher": "MicrosoftWindowsServer",
                "sku": "2022-Datacenter",
                "version": "latest"
              }
            ],
            "tags": null,
            "termination_notification": null,
            "timeouts": null,
            "timezone": "",
            "user_data": "",
            "virtual_machine_id": "8da840a8-8692-40f3-b91b-da11301e6618",
            "virtual_machine_scale_set_id": "",
            "vm_agent_platform_updates_enabled": false,
            "vtpm_enabled": false,
            "winrm_listener": [],
            "zone": ""
          },
          "sensitive_attributes": [
            [
              {
                "type": "get_attr",
                "value": "admin_password"
              }
            ],
            [
              {
                "type": "get_attr",
                "value": "custom_data"
              }
            ]
          ],
          "private": "eyJlMmJmYjczMC1lY2FhLTExZTYtOGY4OC0zNDM2M2JjN2M0YzAiOnsiY3JlYXRlIjoyNzAwMDAwMDAwMDAwLCJkZWxldGUiOjI3MDAwMDAwMDAwMDAsInJlYWQiOjMwMDAwMDAwMDAwMCwidXBkYXRlIjoyNzAwMDAwMDAwMDAwfX0=",
          "dependencies": [
            "azurerm_key_vault.kv1",
            "azurerm_key_vault_secret.vmpassword",
            "azurerm_network_interface.nic_host",
            "azurerm_resource_group.rg-con",
            "azurerm_resource_group.rg-host",
            "azurerm_resource_group.rg-sec",
            "azurerm_subnet.subnet_conn",
            "azurerm_virtual_network.vnet_conn",
            "data.azurerm_client_config.current",
            "random_id.kv_name",
            "random_password.vmpassword"
          ]
        }
      ]
    },
    {
      "mode": "managed",
      "type": "random_id",
      "name": "dns-name",
      "provider": "provider[\"registry.terraform.io/hashicorp/random\"]",
      "instances": [
        {
          "schema_version": 0,
          "attributes": {
            "b64_std": "qx+Lwg==",
            "b64_url": "qx-Lwg",
            "byte_length": 4,
            "dec": "2870971330",
            "hex": "ab1f8bc2",
            "id": "qx-Lwg",
            "keepers": null,
            "prefix": null
          },
          "sensitive_attributes": []
        }
      ]
    },
    {
      "mode": "managed",
      "type": "random_id",
      "name": "kv_name",
      "provider": "provider[\"registry.terraform.io/hashicorp/random\"]",
      "instances": [
        {
          "schema_version": 0,
          "attributes": {
            "b64_std": "kvbrf+uYzi",
            "b64_url": "kvbrf-uYzi",
            "byte_length": 6,
            "dec": "kv121736531643618",
            "hex": "kv6eb7feb98ce2",
            "id": "brf-uYzi",
            "keepers": null,
            "prefix": "kv"
          },
          "sensitive_attributes": []
        }
      ]
    },
    {
      "mode": "managed",
      "type": "random_password",
      "name": "vmpassword",
      "provider": "provider[\"registry.terraform.io/hashicorp/random\"]",
      "instances": [
        {
          "schema_version": 3,
          "attributes": {
            "bcrypt_hash": "$2a$10$UGdYmfIM3bLt5GikYO2xoeMBK1C8GPRd4LmHDWy.cSZOGnq0uzjDq",
            "id": "none",
            "keepers": null,
            "length": 20,
            "lower": true,
            "min_lower": 0,
            "min_numeric": 0,
            "min_special": 0,
            "min_upper": 0,
            "number": true,
            "numeric": true,
            "override_special": null,
            "result": "jjxP%}fXSP[}mingo{bU",
            "special": true,
            "upper": true
          },
          "sensitive_attributes": [
            [
              {
                "type": "get_attr",
                "value": "result"
              }
            ],
            [
              {
                "type": "get_attr",
                "value": "bcrypt_hash"
              }
            ]
          ]
        }
      ]
    }
  ],
  "check_results": null
}
